
Microsoft Visual Studio Solution File, Format Version 11.00
# Visual Studio 2010
Project("{8BC9CEB8-8B4A-11D0-8D11-00A0C91BC942}") = "App_BulletExampleBrowser", "App_BulletExampleBrowser.vcxproj", "{544B7D79-4D56-EE41-9BC5-3D55577E2781}"
	ProjectSection(ProjectDependencies) = postProject
		{85FC443E-565D-FA4E-9FE0-99167D085B26} = {85FC443E-565D-FA4E-9FE0-99167D085B26}
		{4E83862E-C2F8-B44A-A688-2296353A8BBF} = {4E83862E-C2F8-B44A-A688-2296353A8BBF}
		{CF0B5B44-4323-264F-A954-B3D8716C92A5} = {CF0B5B44-4323-264F-A954-B3D8716C92A5}
		{56877331-0DE7-C840-93A4-E2F16333E1ED} = {56877331-0DE7-C840-93A4-E2F16333E1ED}
		{04981419-869B-5C4D-9C22-C0C9F5B3D7D2} = {04981419-869B-5C4D-9C22-C0C9F5B3D7D2}
		{C9633D47-762D-0E49-93DD-99D267763B73} = {C9633D47-762D-0E49-93DD-99D267763B73}
		{1C152F1F-809F-874F-B594-6CC34E42A94A} = {1C152F1F-809F-874F-B594-6CC34E42A94A}
		{8BCB43D9-720A-964A-8FE3-4C7560C1C42E} = {8BCB43D9-720A-964A-8FE3-4C7560C1C42E}
		{0DB08CA6-8289-084B-8711-48E921158913} = {0DB08CA6-8289-084B-8711-48E921158913}
		{02C60416-B8E1-0D47-A9F3-4983CDB9D4FC} = {02C60416-B8E1-0D47-A9F3-4983CDB9D4FC}
		{D1BF57E0-AE6F-3740-AC5C-33255B3CB1F1} = {D1BF57E0-AE6F-3740-AC5C-33255B3CB1F1}
		{10E55230-0DAF-F64A-9FA4-A984E74CC9CE} = {10E55230-0DAF-F64A-9FA4-A984E74CC9CE}
		{7AFA2680-B15E-C741-AC22-CA7E4C0745E4} = {7AFA2680-B15E-C741-AC22-CA7E4C0745E4}
		{B7E5502C-3C44-9643-B3CA-03F619CF0345} = {B7E5502C-3C44-9643-B3CA-03F619CF0345}
		{FE9F1A62-5DBE-6D43-9E8B-377D82C46850} = {FE9F1A62-5DBE-6D43-9E8B-377D82C46850}
	EndProjectSection
EndProject
Project("{8BC9CEB8-8B4A-11D0-8D11-00A0C91BC942}") = "BulletExampleBrowserLib", "BulletExampleBrowserLib.vcxproj", "{85FC443E-565D-FA4E-9FE0-99167D085B26}"
EndProject
Project("{8BC9CEB8-8B4A-11D0-8D11-00A0C91BC942}") = "App_RobotSimulator", "App_RobotSimulator.vcxproj", "{3655BF80-76F6-1944-B361-BC57DD6E06B9}"
	ProjectSection(ProjectDependencies) = postProject
		{85FC443E-565D-FA4E-9FE0-99167D085B26} = {85FC443E-565D-FA4E-9FE0-99167D085B26}
		{4E83862E-C2F8-B44A-A688-2296353A8BBF} = {4E83862E-C2F8-B44A-A688-2296353A8BBF}
		{CF0B5B44-4323-264F-A954-B3D8716C92A5} = {CF0B5B44-4323-264F-A954-B3D8716C92A5}
		{22D99B09-A7E3-9840-8DED-DCD0132C16B3} = {22D99B09-A7E3-9840-8DED-DCD0132C16B3}
		{EB4FE323-1B75-4643-B294-C8707E7640A6} = {EB4FE323-1B75-4643-B294-C8707E7640A6}
		{56877331-0DE7-C840-93A4-E2F16333E1ED} = {56877331-0DE7-C840-93A4-E2F16333E1ED}
		{04981419-869B-5C4D-9C22-C0C9F5B3D7D2} = {04981419-869B-5C4D-9C22-C0C9F5B3D7D2}
		{C9633D47-762D-0E49-93DD-99D267763B73} = {C9633D47-762D-0E49-93DD-99D267763B73}
		{1C152F1F-809F-874F-B594-6CC34E42A94A} = {1C152F1F-809F-874F-B594-6CC34E42A94A}
		{8BCB43D9-720A-964A-8FE3-4C7560C1C42E} = {8BCB43D9-720A-964A-8FE3-4C7560C1C42E}
		{0DB08CA6-8289-084B-8711-48E921158913} = {0DB08CA6-8289-084B-8711-48E921158913}
		{02C60416-B8E1-0D47-A9F3-4983CDB9D4FC} = {02C60416-B8E1-0D47-A9F3-4983CDB9D4FC}
		{D1BF57E0-AE6F-3740-AC5C-33255B3CB1F1} = {D1BF57E0-AE6F-3740-AC5C-33255B3CB1F1}
		{10E55230-0DAF-F64A-9FA4-A984E74CC9CE} = {10E55230-0DAF-F64A-9FA4-A984E74CC9CE}
		{7AFA2680-B15E-C741-AC22-CA7E4C0745E4} = {7AFA2680-B15E-C741-AC22-CA7E4C0745E4}
		{B7E5502C-3C44-9643-B3CA-03F619CF0345} = {B7E5502C-3C44-9643-B3CA-03F619CF0345}
		{FE9F1A62-5DBE-6D43-9E8B-377D82C46850} = {FE9F1A62-5DBE-6D43-9E8B-377D82C46850}
		{952719B6-7737-0144-A59E-FAFA936A0CC5} = {952719B6-7737-0144-A59E-FAFA936A0CC5}
		{B2FB8112-DD62-6845-928B-CE711F096C5C} = {B2FB8112-DD62-6845-928B-CE711F096C5C}
	EndProjectSection
EndProject
Project("{8BC9CEB8-8B4A-11D0-8D11-00A0C91BC942}") = "OpenGL_Window", "OpenGL_Window.vcxproj", "{CF0B5B44-4323-264F-A954-B3D8716C92A5}"
EndProject
Project("{8BC9CEB8-8B4A-11D0-8D11-00A0C91BC942}") = "gwen", "gwen.vcxproj", "{4E83862E-C2F8-B44A-A688-2296353A8BBF}"
EndProject
Project("{8BC9CEB8-8B4A-11D0-8D11-00A0C91BC942}") = "App_HelloWorld", "App_HelloWorld.vcxproj", "{7E8F693C-45AE-7141-B7A4-F40BA4AB4A95}"
	ProjectSection(ProjectDependencies) = postProject
		{1C152F1F-809F-874F-B594-6CC34E42A94A} = {1C152F1F-809F-874F-B594-6CC34E42A94A}
		{8BCB43D9-720A-964A-8FE3-4C7560C1C42E} = {8BCB43D9-720A-964A-8FE3-4C7560C1C42E}
		{0DB08CA6-8289-084B-8711-48E921158913} = {0DB08CA6-8289-084B-8711-48E921158913}
	EndProjectSection
EndProject
Project("{8BC9CEB8-8B4A-11D0-8D11-00A0C91BC942}") = "App_PhysicsServer_SharedMemory", "App_PhysicsServer_SharedMemory.vcxproj", "{851DD093-1C74-704D-895E-3452B01F3075}"
	ProjectSection(ProjectDependencies) = postProject
		{D1BF57E0-AE6F-3740-AC5C-33255B3CB1F1} = {D1BF57E0-AE6F-3740-AC5C-33255B3CB1F1}
		{04981419-869B-5C4D-9C22-C0C9F5B3D7D2} = {04981419-869B-5C4D-9C22-C0C9F5B3D7D2}
		{C9633D47-762D-0E49-93DD-99D267763B73} = {C9633D47-762D-0E49-93DD-99D267763B73}
		{1C152F1F-809F-874F-B594-6CC34E42A94A} = {1C152F1F-809F-874F-B594-6CC34E42A94A}
		{8BCB43D9-720A-964A-8FE3-4C7560C1C42E} = {8BCB43D9-720A-964A-8FE3-4C7560C1C42E}
		{0DB08CA6-8289-084B-8711-48E921158913} = {0DB08CA6-8289-084B-8711-48E921158913}
		{02C60416-B8E1-0D47-A9F3-4983CDB9D4FC} = {02C60416-B8E1-0D47-A9F3-4983CDB9D4FC}
	EndProjectSection
EndProject
Project("{8BC9CEB8-8B4A-11D0-8D11-00A0C91BC942}") = "App_PhysicsServer_SharedMemory_GUI", "App_PhysicsServer_SharedMemory_GUI.vcxproj", "{02711AEF-7764-114E-B41D-0A9E2594342E}"
	ProjectSection(ProjectDependencies) = postProject
		{04981419-869B-5C4D-9C22-C0C9F5B3D7D2} = {04981419-869B-5C4D-9C22-C0C9F5B3D7D2}
		{C9633D47-762D-0E49-93DD-99D267763B73} = {C9633D47-762D-0E49-93DD-99D267763B73}
		{1C152F1F-809F-874F-B594-6CC34E42A94A} = {1C152F1F-809F-874F-B594-6CC34E42A94A}
		{8BCB43D9-720A-964A-8FE3-4C7560C1C42E} = {8BCB43D9-720A-964A-8FE3-4C7560C1C42E}
		{0DB08CA6-8289-084B-8711-48E921158913} = {0DB08CA6-8289-084B-8711-48E921158913}
		{CF0B5B44-4323-264F-A954-B3D8716C92A5} = {CF0B5B44-4323-264F-A954-B3D8716C92A5}
		{D1BF57E0-AE6F-3740-AC5C-33255B3CB1F1} = {D1BF57E0-AE6F-3740-AC5C-33255B3CB1F1}
		{02C60416-B8E1-0D47-A9F3-4983CDB9D4FC} = {02C60416-B8E1-0D47-A9F3-4983CDB9D4FC}
	EndProjectSection
EndProject
Project("{8BC9CEB8-8B4A-11D0-8D11-00A0C91BC942}") = "App_PhysicsServer_SharedMemory_VR", "App_PhysicsServer_SharedMemory_VR.vcxproj", "{E2E16B2C-A122-DF4E-A3E5-530A347AA31C}"
	ProjectSection(ProjectDependencies) = postProject
		{04981419-869B-5C4D-9C22-C0C9F5B3D7D2} = {04981419-869B-5C4D-9C22-C0C9F5B3D7D2}
		{C9633D47-762D-0E49-93DD-99D267763B73} = {C9633D47-762D-0E49-93DD-99D267763B73}
		{D1BF57E0-AE6F-3740-AC5C-33255B3CB1F1} = {D1BF57E0-AE6F-3740-AC5C-33255B3CB1F1}
		{1C152F1F-809F-874F-B594-6CC34E42A94A} = {1C152F1F-809F-874F-B594-6CC34E42A94A}
		{8BCB43D9-720A-964A-8FE3-4C7560C1C42E} = {8BCB43D9-720A-964A-8FE3-4C7560C1C42E}
		{0DB08CA6-8289-084B-8711-48E921158913} = {0DB08CA6-8289-084B-8711-48E921158913}
		{CF0B5B44-4323-264F-A954-B3D8716C92A5} = {CF0B5B44-4323-264F-A954-B3D8716C92A5}
		{02C60416-B8E1-0D47-A9F3-4983CDB9D4FC} = {02C60416-B8E1-0D47-A9F3-4983CDB9D4FC}
	EndProjectSection
EndProject
Project("{8BC9CEB8-8B4A-11D0-8D11-00A0C91BC942}") = "App_PhysicsServerSharedMemoryBridgeUDP", "App_PhysicsServerSharedMemoryBridgeUDP.vcxproj", "{C68AB937-11C1-C54A-9236-8C7A75787E01}"
	ProjectSection(ProjectDependencies) = postProject
		{952719B6-7737-0144-A59E-FAFA936A0CC5} = {952719B6-7737-0144-A59E-FAFA936A0CC5}
		{22D99B09-A7E3-9840-8DED-DCD0132C16B3} = {22D99B09-A7E3-9840-8DED-DCD0132C16B3}
		{D1BF57E0-AE6F-3740-AC5C-33255B3CB1F1} = {D1BF57E0-AE6F-3740-AC5C-33255B3CB1F1}
		{0DB08CA6-8289-084B-8711-48E921158913} = {0DB08CA6-8289-084B-8711-48E921158913}
	EndProjectSection
EndProject
Project("{8BC9CEB8-8B4A-11D0-8D11-00A0C91BC942}") = "App_PhysicsServerUDP", "App_PhysicsServerUDP.vcxproj", "{8589FD4C-0234-CA4D-908E-25C0FCBF4AB0}"
	ProjectSection(ProjectDependencies) = postProject
		{952719B6-7737-0144-A59E-FAFA936A0CC5} = {952719B6-7737-0144-A59E-FAFA936A0CC5}
		{D1BF57E0-AE6F-3740-AC5C-33255B3CB1F1} = {D1BF57E0-AE6F-3740-AC5C-33255B3CB1F1}
		{04981419-869B-5C4D-9C22-C0C9F5B3D7D2} = {04981419-869B-5C4D-9C22-C0C9F5B3D7D2}
		{C9633D47-762D-0E49-93DD-99D267763B73} = {C9633D47-762D-0E49-93DD-99D267763B73}
		{1C152F1F-809F-874F-B594-6CC34E42A94A} = {1C152F1F-809F-874F-B594-6CC34E42A94A}
		{8BCB43D9-720A-964A-8FE3-4C7560C1C42E} = {8BCB43D9-720A-964A-8FE3-4C7560C1C42E}
		{0DB08CA6-8289-084B-8711-48E921158913} = {0DB08CA6-8289-084B-8711-48E921158913}
		{02C60416-B8E1-0D47-A9F3-4983CDB9D4FC} = {02C60416-B8E1-0D47-A9F3-4983CDB9D4FC}
	EndProjectSection
EndProject
Project("{8BC9CEB8-8B4A-11D0-8D11-00A0C91BC942}") = "App_PhysicsServerSharedMemoryBridgeTCP", "App_PhysicsServerSharedMemoryBridgeTCP.vcxproj", "{16C6AE41-6553-5B42-8543-5ED1D244E64B}"
	ProjectSection(ProjectDependencies) = postProject
		{B2FB8112-DD62-6845-928B-CE711F096C5C} = {B2FB8112-DD62-6845-928B-CE711F096C5C}
		{22D99B09-A7E3-9840-8DED-DCD0132C16B3} = {22D99B09-A7E3-9840-8DED-DCD0132C16B3}
		{D1BF57E0-AE6F-3740-AC5C-33255B3CB1F1} = {D1BF57E0-AE6F-3740-AC5C-33255B3CB1F1}
		{0DB08CA6-8289-084B-8711-48E921158913} = {0DB08CA6-8289-084B-8711-48E921158913}
	EndProjectSection
EndProject
Project("{8BC9CEB8-8B4A-11D0-8D11-00A0C91BC942}") = "App_PhysicsServerTCP", "App_PhysicsServerTCP.vcxproj", "{5922FC60-2E4B-9B41-978B-99BE8E355E6F}"
	ProjectSection(ProjectDependencies) = postProject
		{B2FB8112-DD62-6845-928B-CE711F096C5C} = {B2FB8112-DD62-6845-928B-CE711F096C5C}
		{D1BF57E0-AE6F-3740-AC5C-33255B3CB1F1} = {D1BF57E0-AE6F-3740-AC5C-33255B3CB1F1}
		{04981419-869B-5C4D-9C22-C0C9F5B3D7D2} = {04981419-869B-5C4D-9C22-C0C9F5B3D7D2}
		{C9633D47-762D-0E49-93DD-99D267763B73} = {C9633D47-762D-0E49-93DD-99D267763B73}
		{1C152F1F-809F-874F-B594-6CC34E42A94A} = {1C152F1F-809F-874F-B594-6CC34E42A94A}
		{8BCB43D9-720A-964A-8FE3-4C7560C1C42E} = {8BCB43D9-720A-964A-8FE3-4C7560C1C42E}
		{0DB08CA6-8289-084B-8711-48E921158913} = {0DB08CA6-8289-084B-8711-48E921158913}
		{02C60416-B8E1-0D47-A9F3-4983CDB9D4FC} = {02C60416-B8E1-0D47-A9F3-4983CDB9D4FC}
	EndProjectSection
EndProject
Project("{8BC9CEB8-8B4A-11D0-8D11-00A0C91BC942}") = "pybullet_testplugin", "pybullet_testplugin.vcxproj", "{7EEED17E-F6BE-144A-9C52-76BA20E6C1D7}"
	ProjectSection(ProjectDependencies) = postProject
		{22D99B09-A7E3-9840-8DED-DCD0132C16B3} = {22D99B09-A7E3-9840-8DED-DCD0132C16B3}
		{D1BF57E0-AE6F-3740-AC5C-33255B3CB1F1} = {D1BF57E0-AE6F-3740-AC5C-33255B3CB1F1}
		{0DB08CA6-8289-084B-8711-48E921158913} = {0DB08CA6-8289-084B-8711-48E921158913}
	EndProjectSection
EndProject
Project("{8BC9CEB8-8B4A-11D0-8D11-00A0C91BC942}") = "pybullet_vrSyncPlugin", "pybullet_vrSyncPlugin.vcxproj", "{64A68F53-1483-8B4A-BFD6-A7627E0D3EEA}"
	ProjectSection(ProjectDependencies) = postProject
		{22D99B09-A7E3-9840-8DED-DCD0132C16B3} = {22D99B09-A7E3-9840-8DED-DCD0132C16B3}
		{D1BF57E0-AE6F-3740-AC5C-33255B3CB1F1} = {D1BF57E0-AE6F-3740-AC5C-33255B3CB1F1}
		{0DB08CA6-8289-084B-8711-48E921158913} = {0DB08CA6-8289-084B-8711-48E921158913}
	EndProjectSection
EndProject
Project("{8BC9CEB8-8B4A-11D0-8D11-00A0C91BC942}") = "BussIK", "BussIK.vcxproj", "{02C60416-B8E1-0D47-A9F3-4983CDB9D4FC}"
EndProject
Project("{8BC9CEB8-8B4A-11D0-8D11-00A0C91BC942}") = "pybullet", "pybullet.vcxproj", "{17E5D1DE-9F2D-2E4C-ACF9-0DD78620ADAB}"
	ProjectSection(ProjectDependencies) = postProject
		{85FC443E-565D-FA4E-9FE0-99167D085B26} = {85FC443E-565D-FA4E-9FE0-99167D085B26}
		{4E83862E-C2F8-B44A-A688-2296353A8BBF} = {4E83862E-C2F8-B44A-A688-2296353A8BBF}
		{22D99B09-A7E3-9840-8DED-DCD0132C16B3} = {22D99B09-A7E3-9840-8DED-DCD0132C16B3}
		{EB4FE323-1B75-4643-B294-C8707E7640A6} = {EB4FE323-1B75-4643-B294-C8707E7640A6}
		{CF0B5B44-4323-264F-A954-B3D8716C92A5} = {CF0B5B44-4323-264F-A954-B3D8716C92A5}
		{56877331-0DE7-C840-93A4-E2F16333E1ED} = {56877331-0DE7-C840-93A4-E2F16333E1ED}
		{04981419-869B-5C4D-9C22-C0C9F5B3D7D2} = {04981419-869B-5C4D-9C22-C0C9F5B3D7D2}
		{C9633D47-762D-0E49-93DD-99D267763B73} = {C9633D47-762D-0E49-93DD-99D267763B73}
		{1C152F1F-809F-874F-B594-6CC34E42A94A} = {1C152F1F-809F-874F-B594-6CC34E42A94A}
		{8BCB43D9-720A-964A-8FE3-4C7560C1C42E} = {8BCB43D9-720A-964A-8FE3-4C7560C1C42E}
		{0DB08CA6-8289-084B-8711-48E921158913} = {0DB08CA6-8289-084B-8711-48E921158913}
		{02C60416-B8E1-0D47-A9F3-4983CDB9D4FC} = {02C60416-B8E1-0D47-A9F3-4983CDB9D4FC}
		{D1BF57E0-AE6F-3740-AC5C-33255B3CB1F1} = {D1BF57E0-AE6F-3740-AC5C-33255B3CB1F1}
		{10E55230-0DAF-F64A-9FA4-A984E74CC9CE} = {10E55230-0DAF-F64A-9FA4-A984E74CC9CE}
		{7AFA2680-B15E-C741-AC22-CA7E4C0745E4} = {7AFA2680-B15E-C741-AC22-CA7E4C0745E4}
		{B7E5502C-3C44-9643-B3CA-03F619CF0345} = {B7E5502C-3C44-9643-B3CA-03F619CF0345}
		{FE9F1A62-5DBE-6D43-9E8B-377D82C46850} = {FE9F1A62-5DBE-6D43-9E8B-377D82C46850}
		{952719B6-7737-0144-A59E-FAFA936A0CC5} = {952719B6-7737-0144-A59E-FAFA936A0CC5}
		{B2FB8112-DD62-6845-928B-CE711F096C5C} = {B2FB8112-DD62-6845-928B-CE711F096C5C}
	EndProjectSection
EndProject
Project("{8BC9CEB8-8B4A-11D0-8D11-00A0C91BC942}") = "App_SimpleOpenGL3", "App_SimpleOpenGL3.vcxproj", "{7763BC40-929E-E14F-94FB-1C2A445CBE2D}"
	ProjectSection(ProjectDependencies) = postProject
		{CF0B5B44-4323-264F-A954-B3D8716C92A5} = {CF0B5B44-4323-264F-A954-B3D8716C92A5}
		{D1BF57E0-AE6F-3740-AC5C-33255B3CB1F1} = {D1BF57E0-AE6F-3740-AC5C-33255B3CB1F1}
	EndProjectSection
EndProject
Project("{8BC9CEB8-8B4A-11D0-8D11-00A0C91BC942}") = "Test_SharedMemoryPhysicsClient", "Test_SharedMemoryPhysicsClient.vcxproj", "{2A77F613-800C-DA47-8197-9657DF16E194}"
	ProjectSection(ProjectDependencies) = postProject
		{22D99B09-A7E3-9840-8DED-DCD0132C16B3} = {22D99B09-A7E3-9840-8DED-DCD0132C16B3}
		{D1BF57E0-AE6F-3740-AC5C-33255B3CB1F1} = {D1BF57E0-AE6F-3740-AC5C-33255B3CB1F1}
		{0DB08CA6-8289-084B-8711-48E921158913} = {0DB08CA6-8289-084B-8711-48E921158913}
	EndProjectSection
EndProject
Project("{8BC9CEB8-8B4A-11D0-8D11-00A0C91BC942}") = "Test_PhysicsClientUDP", "Test_PhysicsClientUDP.vcxproj", "{6A382BE1-C485-7B4F-941F-246BC2C92398}"
	ProjectSection(ProjectDependencies) = postProject
		{952719B6-7737-0144-A59E-FAFA936A0CC5} = {952719B6-7737-0144-A59E-FAFA936A0CC5}
		{22D99B09-A7E3-9840-8DED-DCD0132C16B3} = {22D99B09-A7E3-9840-8DED-DCD0132C16B3}
		{D1BF57E0-AE6F-3740-AC5C-33255B3CB1F1} = {D1BF57E0-AE6F-3740-AC5C-33255B3CB1F1}
		{0DB08CA6-8289-084B-8711-48E921158913} = {0DB08CA6-8289-084B-8711-48E921158913}
	EndProjectSection
EndProject
Project("{8BC9CEB8-8B4A-11D0-8D11-00A0C91BC942}") = "Test_PhysicsClientTCP", "Test_PhysicsClientTCP.vcxproj", "{176F6B07-2362-204E-9920-919AE8672FB4}"
	ProjectSection(ProjectDependencies) = postProject
		{B2FB8112-DD62-6845-928B-CE711F096C5C} = {B2FB8112-DD62-6845-928B-CE711F096C5C}
		{22D99B09-A7E3-9840-8DED-DCD0132C16B3} = {22D99B09-A7E3-9840-8DED-DCD0132C16B3}
		{D1BF57E0-AE6F-3740-AC5C-33255B3CB1F1} = {D1BF57E0-AE6F-3740-AC5C-33255B3CB1F1}
		{0DB08CA6-8289-084B-8711-48E921158913} = {0DB08CA6-8289-084B-8711-48E921158913}
	EndProjectSection
EndProject
Project("{8BC9CEB8-8B4A-11D0-8D11-00A0C91BC942}") = "Test_PhysicsServerLoopBack", "Test_PhysicsServerLoopBack.vcxproj", "{BEA180F8-EAD9-DF45-B883-49BFA6AB587C}"
	ProjectSection(ProjectDependencies) = postProject
		{04981419-869B-5C4D-9C22-C0C9F5B3D7D2} = {04981419-869B-5C4D-9C22-C0C9F5B3D7D2}
		{C9633D47-762D-0E49-93DD-99D267763B73} = {C9633D47-762D-0E49-93DD-99D267763B73}
		{22D99B09-A7E3-9840-8DED-DCD0132C16B3} = {22D99B09-A7E3-9840-8DED-DCD0132C16B3}
		{EB4FE323-1B75-4643-B294-C8707E7640A6} = {EB4FE323-1B75-4643-B294-C8707E7640A6}
		{D1BF57E0-AE6F-3740-AC5C-33255B3CB1F1} = {D1BF57E0-AE6F-3740-AC5C-33255B3CB1F1}
		{1C152F1F-809F-874F-B594-6CC34E42A94A} = {1C152F1F-809F-874F-B594-6CC34E42A94A}
		{8BCB43D9-720A-964A-8FE3-4C7560C1C42E} = {8BCB43D9-720A-964A-8FE3-4C7560C1C42E}
		{02C60416-B8E1-0D47-A9F3-4983CDB9D4FC} = {02C60416-B8E1-0D47-A9F3-4983CDB9D4FC}
		{0DB08CA6-8289-084B-8711-48E921158913} = {0DB08CA6-8289-084B-8711-48E921158913}
	EndProjectSection
EndProject
Project("{8BC9CEB8-8B4A-11D0-8D11-00A0C91BC942}") = "Test_PhysicsServerDirect", "Test_PhysicsServerDirect.vcxproj", "{BD860AE2-9C80-CF49-89CA-EE41B99AE9D0}"
	ProjectSection(ProjectDependencies) = postProject
		{04981419-869B-5C4D-9C22-C0C9F5B3D7D2} = {04981419-869B-5C4D-9C22-C0C9F5B3D7D2}
		{C9633D47-762D-0E49-93DD-99D267763B73} = {C9633D47-762D-0E49-93DD-99D267763B73}
		{22D99B09-A7E3-9840-8DED-DCD0132C16B3} = {22D99B09-A7E3-9840-8DED-DCD0132C16B3}
		{EB4FE323-1B75-4643-B294-C8707E7640A6} = {EB4FE323-1B75-4643-B294-C8707E7640A6}
		{D1BF57E0-AE6F-3740-AC5C-33255B3CB1F1} = {D1BF57E0-AE6F-3740-AC5C-33255B3CB1F1}
		{1C152F1F-809F-874F-B594-6CC34E42A94A} = {1C152F1F-809F-874F-B594-6CC34E42A94A}
		{8BCB43D9-720A-964A-8FE3-4C7560C1C42E} = {8BCB43D9-720A-964A-8FE3-4C7560C1C42E}
		{02C60416-B8E1-0D47-A9F3-4983CDB9D4FC} = {02C60416-B8E1-0D47-A9F3-4983CDB9D4FC}
		{0DB08CA6-8289-084B-8711-48E921158913} = {0DB08CA6-8289-084B-8711-48E921158913}
	EndProjectSection
EndProject
Project("{8BC9CEB8-8B4A-11D0-8D11-00A0C91BC942}") = "Test_PhysicsServerInProcessExampleBrowser", "Test_PhysicsServerInProcessExampleBrowser.vcxproj", "{D9092BB5-979E-9E43-B496-D0AC77AE1560}"
	ProjectSection(ProjectDependencies) = postProject
		{85FC443E-565D-FA4E-9FE0-99167D085B26} = {85FC443E-565D-FA4E-9FE0-99167D085B26}
		{4E83862E-C2F8-B44A-A688-2296353A8BBF} = {4E83862E-C2F8-B44A-A688-2296353A8BBF}
		{CF0B5B44-4323-264F-A954-B3D8716C92A5} = {CF0B5B44-4323-264F-A954-B3D8716C92A5}
		{22D99B09-A7E3-9840-8DED-DCD0132C16B3} = {22D99B09-A7E3-9840-8DED-DCD0132C16B3}
		{EB4FE323-1B75-4643-B294-C8707E7640A6} = {EB4FE323-1B75-4643-B294-C8707E7640A6}
		{56877331-0DE7-C840-93A4-E2F16333E1ED} = {56877331-0DE7-C840-93A4-E2F16333E1ED}
		{04981419-869B-5C4D-9C22-C0C9F5B3D7D2} = {04981419-869B-5C4D-9C22-C0C9F5B3D7D2}
		{C9633D47-762D-0E49-93DD-99D267763B73} = {C9633D47-762D-0E49-93DD-99D267763B73}
		{1C152F1F-809F-874F-B594-6CC34E42A94A} = {1C152F1F-809F-874F-B594-6CC34E42A94A}
		{8BCB43D9-720A-964A-8FE3-4C7560C1C42E} = {8BCB43D9-720A-964A-8FE3-4C7560C1C42E}
		{0DB08CA6-8289-084B-8711-48E921158913} = {0DB08CA6-8289-084B-8711-48E921158913}
		{02C60416-B8E1-0D47-A9F3-4983CDB9D4FC} = {02C60416-B8E1-0D47-A9F3-4983CDB9D4FC}
		{D1BF57E0-AE6F-3740-AC5C-33255B3CB1F1} = {D1BF57E0-AE6F-3740-AC5C-33255B3CB1F1}
		{10E55230-0DAF-F64A-9FA4-A984E74CC9CE} = {10E55230-0DAF-F64A-9FA4-A984E74CC9CE}
		{7AFA2680-B15E-C741-AC22-CA7E4C0745E4} = {7AFA2680-B15E-C741-AC22-CA7E4C0745E4}
		{B7E5502C-3C44-9643-B3CA-03F619CF0345} = {B7E5502C-3C44-9643-B3CA-03F619CF0345}
		{FE9F1A62-5DBE-6D43-9E8B-377D82C46850} = {FE9F1A62-5DBE-6D43-9E8B-377D82C46850}
	EndProjectSection
EndProject
Project("{8BC9CEB8-8B4A-11D0-8D11-00A0C91BC942}") = "rtMidiTest", "rtMidiTest.vcxproj", "{ED4F26BD-62A0-3442-BE4D-5DF08DC4B719}"
EndProject
Project("{8BC9CEB8-8B4A-11D0-8D11-00A0C91BC942}") = "clsocket", "clsocket.vcxproj", "{B2FB8112-DD62-6845-928B-CE711F096C5C}"
EndProject
Project("{8BC9CEB8-8B4A-11D0-8D11-00A0C91BC942}") = "Test_clsocket_EchoServer", "Test_clsocket_EchoServer.vcxproj", "{613034B4-A681-1F42-B6EE-081C713E7285}"
	ProjectSection(ProjectDependencies) = postProject
		{B2FB8112-DD62-6845-928B-CE711F096C5C} = {B2FB8112-DD62-6845-928B-CE711F096C5C}
	EndProjectSection
EndProject
Project("{8BC9CEB8-8B4A-11D0-8D11-00A0C91BC942}") = "Test_clsocket_QueryDayTime", "Test_clsocket_QueryDayTime.vcxproj", "{3FED5163-8B6F-1D48-8FEA-7C5D3C08AD5F}"
	ProjectSection(ProjectDependencies) = postProject
		{B2FB8112-DD62-6845-928B-CE711F096C5C} = {B2FB8112-DD62-6845-928B-CE711F096C5C}
	EndProjectSection
EndProject
Project("{8BC9CEB8-8B4A-11D0-8D11-00A0C91BC942}") = "enet", "enet.vcxproj", "{952719B6-7737-0144-A59E-FAFA936A0CC5}"
EndProject
Project("{8BC9CEB8-8B4A-11D0-8D11-00A0C91BC942}") = "Test_enet_nat_punchthrough_client", "Test_enet_nat_punchthrough_client.vcxproj", "{F3023291-20EA-144C-9D5F-7E04C93D3F75}"
	ProjectSection(ProjectDependencies) = postProject
		{952719B6-7737-0144-A59E-FAFA936A0CC5} = {952719B6-7737-0144-A59E-FAFA936A0CC5}
	EndProjectSection
EndProject
Project("{8BC9CEB8-8B4A-11D0-8D11-00A0C91BC942}") = "Test_enet_nat_punchthrough_server", "Test_enet_nat_punchthrough_server.vcxproj", "{3DBD01A7-F694-494F-84BA-335B8970E60C}"
	ProjectSection(ProjectDependencies) = postProject
		{952719B6-7737-0144-A59E-FAFA936A0CC5} = {952719B6-7737-0144-A59E-FAFA936A0CC5}
	EndProjectSection
EndProject
Project("{8BC9CEB8-8B4A-11D0-8D11-00A0C91BC942}") = "Test_enet_chat_client", "Test_enet_chat_client.vcxproj", "{F0BC84F1-ED3A-154C-8887-75A876003C58}"
	ProjectSection(ProjectDependencies) = postProject
		{952719B6-7737-0144-A59E-FAFA936A0CC5} = {952719B6-7737-0144-A59E-FAFA936A0CC5}
	EndProjectSection
EndProject
Project("{8BC9CEB8-8B4A-11D0-8D11-00A0C91BC942}") = "Test_enet_chat_server", "Test_enet_chat_server.vcxproj", "{2D2E02D0-B17F-DF41-902D-A6FB6685987F}"
	ProjectSection(ProjectDependencies) = postProject
		{952719B6-7737-0144-A59E-FAFA936A0CC5} = {952719B6-7737-0144-A59E-FAFA936A0CC5}
	EndProjectSection
EndProject
Project("{8BC9CEB8-8B4A-11D0-8D11-00A0C91BC942}") = "Bullet3Common", "Bullet3Common.vcxproj", "{D1BF57E0-AE6F-3740-AC5C-33255B3CB1F1}"
EndProject
Project("{8BC9CEB8-8B4A-11D0-8D11-00A0C91BC942}") = "Bullet3Geometry", "Bullet3Geometry.vcxproj", "{FE9F1A62-5DBE-6D43-9E8B-377D82C46850}"
EndProject
Project("{8BC9CEB8-8B4A-11D0-8D11-00A0C91BC942}") = "Bullet3Collision", "Bullet3Collision.vcxproj", "{B7E5502C-3C44-9643-B3CA-03F619CF0345}"
EndProject
Project("{8BC9CEB8-8B4A-11D0-8D11-00A0C91BC942}") = "Bullet3Dynamics", "Bullet3Dynamics.vcxproj", "{7AFA2680-B15E-C741-AC22-CA7E4C0745E4}"
EndProject
Project("{8BC9CEB8-8B4A-11D0-8D11-00A0C91BC942}") = "Bullet3OpenCL_clew", "Bullet3OpenCL_clew.vcxproj", "{10E55230-0DAF-F64A-9FA4-A984E74CC9CE}"
EndProject
Project("{8BC9CEB8-8B4A-11D0-8D11-00A0C91BC942}") = "Bullet2FileLoader", "Bullet2FileLoader.vcxproj", "{DFA2CF6E-AD09-2E4C-B21D-10DB476071E4}"
EndProject
Project("{8BC9CEB8-8B4A-11D0-8D11-00A0C91BC942}") = "HACD", "HACD.vcxproj", "{8972E3B1-C9E1-CA45-98CE-74AAD79AE209}"
EndProject
Project("{8BC9CEB8-8B4A-11D0-8D11-00A0C91BC942}") = "vhacd", "vhacd.vcxproj", "{3E38CBCA-7303-2640-8361-39C2F8F2C590}"
EndProject
Project("{8BC9CEB8-8B4A-11D0-8D11-00A0C91BC942}") = "test_vhacd", "test_vhacd.vcxproj", "{2837090D-6020-5A47-A9DB-19A6B629D09F}"
	ProjectSection(ProjectDependencies) = postProject
		{3E38CBCA-7303-2640-8361-39C2F8F2C590} = {3E38CBCA-7303-2640-8361-39C2F8F2C590}
	EndProjectSection
EndProject
Project("{8BC9CEB8-8B4A-11D0-8D11-00A0C91BC942}") = "ConvexDecomposition", "ConvexDecomposition.vcxproj", "{1810BCC0-1ACA-CF48-9526-569FE2F6E9B4}"
EndProject
Project("{8BC9CEB8-8B4A-11D0-8D11-00A0C91BC942}") = "BulletInverseDynamicsUtils", "BulletInverseDynamicsUtils.vcxproj", "{04981419-869B-5C4D-9C22-C0C9F5B3D7D2}"
EndProject
Project("{8BC9CEB8-8B4A-11D0-8D11-00A0C91BC942}") = "BulletFileLoader", "BulletFileLoader.vcxproj", "{22D99B09-A7E3-9840-8DED-DCD0132C16B3}"
EndProject
Project("{8BC9CEB8-8B4A-11D0-8D11-00A0C91BC942}") = "BulletWorldImporter", "BulletWorldImporter.vcxproj", "{EB4FE323-1B75-4643-B294-C8707E7640A6}"
EndProject
Project("{8BC9CEB8-8B4A-11D0-8D11-00A0C91BC942}") = "BulletXmlWorldImporter", "BulletXmlWorldImporter.vcxproj", "{93D5EA1C-A3E8-FE45-9E17-F0BF55C9802F}"
EndProject
Project("{8BC9CEB8-8B4A-11D0-8D11-00A0C91BC942}") = "App_obj2sdf", "App_obj2sdf.vcxproj", "{D4EFAE77-186C-B442-90F1-7DC4B4574D5C}"
	ProjectSection(ProjectDependencies) = postProject
		{D1BF57E0-AE6F-3740-AC5C-33255B3CB1F1} = {D1BF57E0-AE6F-3740-AC5C-33255B3CB1F1}
	EndProjectSection
EndProject
Project("{8BC9CEB8-8B4A-11D0-8D11-00A0C91BC942}") = "Test_LinearMath", "Test_LinearMath.vcxproj", "{F89C7D1E-81E4-1543-9F23-D1EF4E450400}"
	ProjectSection(ProjectDependencies) = postProject
		{1C152F1F-809F-874F-B594-6CC34E42A94A} = {1C152F1F-809F-874F-B594-6CC34E42A94A}
		{8BCB43D9-720A-964A-8FE3-4C7560C1C42E} = {8BCB43D9-720A-964A-8FE3-4C7560C1C42E}
		{0DB08CA6-8289-084B-8711-48E921158913} = {0DB08CA6-8289-084B-8711-48E921158913}
	EndProjectSection
EndProject
Project("{8BC9CEB8-8B4A-11D0-8D11-00A0C91BC942}") = "gtest", "gtest.vcxproj", "{190970AF-ADC8-4B49-AAA6-9D63F1561DA5}"
EndProject
Project("{8BC9CEB8-8B4A-11D0-8D11-00A0C91BC942}") = "Test_BulletCollision", "Test_BulletCollision.vcxproj", "{AE05F47E-814B-A844-B89C-7FC0D04C9D1E}"
	ProjectSection(ProjectDependencies) = postProject
		{0DB08CA6-8289-084B-8711-48E921158913} = {0DB08CA6-8289-084B-8711-48E921158913}
		{190970AF-ADC8-4B49-AAA6-9D63F1561DA5} = {190970AF-ADC8-4B49-AAA6-9D63F1561DA5}
	EndProjectSection
EndProject
Project("{8BC9CEB8-8B4A-11D0-8D11-00A0C91BC942}") = "Test_BulletDynamics", "Test_BulletDynamics.vcxproj", "{8086A43B-A4A0-244D-B433-7E4B42223674}"
	ProjectSection(ProjectDependencies) = postProject
		{1C152F1F-809F-874F-B594-6CC34E42A94A} = {1C152F1F-809F-874F-B594-6CC34E42A94A}
		{8BCB43D9-720A-964A-8FE3-4C7560C1C42E} = {8BCB43D9-720A-964A-8FE3-4C7560C1C42E}
		{0DB08CA6-8289-084B-8711-48E921158913} = {0DB08CA6-8289-084B-8711-48E921158913}
		{190970AF-ADC8-4B49-AAA6-9D63F1561DA5} = {190970AF-ADC8-4B49-AAA6-9D63F1561DA5}
	EndProjectSection
EndProject
Project("{8BC9CEB8-8B4A-11D0-8D11-00A0C91BC942}") = "Test_InverseDynamicsKinematics", "Test_InverseDynamicsKinematics.vcxproj", "{CF92A3BB-54FD-5545-92BE-C482C2A3FB8F}"
	ProjectSection(ProjectDependencies) = postProject
		{04981419-869B-5C4D-9C22-C0C9F5B3D7D2} = {04981419-869B-5C4D-9C22-C0C9F5B3D7D2}
		{C9633D47-762D-0E49-93DD-99D267763B73} = {C9633D47-762D-0E49-93DD-99D267763B73}
		{D1BF57E0-AE6F-3740-AC5C-33255B3CB1F1} = {D1BF57E0-AE6F-3740-AC5C-33255B3CB1F1}
		{0DB08CA6-8289-084B-8711-48E921158913} = {0DB08CA6-8289-084B-8711-48E921158913}
		{190970AF-ADC8-4B49-AAA6-9D63F1561DA5} = {190970AF-ADC8-4B49-AAA6-9D63F1561DA5}
	EndProjectSection
EndProject
Project("{8BC9CEB8-8B4A-11D0-8D11-00A0C91BC942}") = "Test_InverseDynamicsJacobian", "Test_InverseDynamicsJacobian.vcxproj", "{628A19C2-49FB-8140-9431-A85867CDC486}"
	ProjectSection(ProjectDependencies) = postProject
		{04981419-869B-5C4D-9C22-C0C9F5B3D7D2} = {04981419-869B-5C4D-9C22-C0C9F5B3D7D2}
		{C9633D47-762D-0E49-93DD-99D267763B73} = {C9633D47-762D-0E49-93DD-99D267763B73}
		{D1BF57E0-AE6F-3740-AC5C-33255B3CB1F1} = {D1BF57E0-AE6F-3740-AC5C-33255B3CB1F1}
		{0DB08CA6-8289-084B-8711-48E921158913} = {0DB08CA6-8289-084B-8711-48E921158913}
		{190970AF-ADC8-4B49-AAA6-9D63F1561DA5} = {190970AF-ADC8-4B49-AAA6-9D63F1561DA5}
	EndProjectSection
EndProject
Project("{8BC9CEB8-8B4A-11D0-8D11-00A0C91BC942}") = "Test_InverseForwardDynamics", "Test_InverseForwardDynamics.vcxproj", "{6AFBB4EA-1565-BE4C-8339-F4C954124D2C}"
	ProjectSection(ProjectDependencies) = postProject
		{1C152F1F-809F-874F-B594-6CC34E42A94A} = {1C152F1F-809F-874F-B594-6CC34E42A94A}
		{8BCB43D9-720A-964A-8FE3-4C7560C1C42E} = {8BCB43D9-720A-964A-8FE3-4C7560C1C42E}
		{04981419-869B-5C4D-9C22-C0C9F5B3D7D2} = {04981419-869B-5C4D-9C22-C0C9F5B3D7D2}
		{C9633D47-762D-0E49-93DD-99D267763B73} = {C9633D47-762D-0E49-93DD-99D267763B73}
		{D1BF57E0-AE6F-3740-AC5C-33255B3CB1F1} = {D1BF57E0-AE6F-3740-AC5C-33255B3CB1F1}
		{0DB08CA6-8289-084B-8711-48E921158913} = {0DB08CA6-8289-084B-8711-48E921158913}
		{190970AF-ADC8-4B49-AAA6-9D63F1561DA5} = {190970AF-ADC8-4B49-AAA6-9D63F1561DA5}
	EndProjectSection
EndProject
Project("{8BC9CEB8-8B4A-11D0-8D11-00A0C91BC942}") = "Test_OpenCL_Bullet3", "Test_OpenCL_Bullet3.vcxproj", "{E586F08D-433F-2744-9B56-FEF582F27A7A}"
	ProjectSection(ProjectDependencies) = postProject
		{190970AF-ADC8-4B49-AAA6-9D63F1561DA5} = {190970AF-ADC8-4B49-AAA6-9D63F1561DA5}
		{10E55230-0DAF-F64A-9FA4-A984E74CC9CE} = {10E55230-0DAF-F64A-9FA4-A984E74CC9CE}
		{D1BF57E0-AE6F-3740-AC5C-33255B3CB1F1} = {D1BF57E0-AE6F-3740-AC5C-33255B3CB1F1}
	EndProjectSection
EndProject
Project("{8BC9CEB8-8B4A-11D0-8D11-00A0C91BC942}") = "Test_Gwen_OpenGL", "Test_Gwen_OpenGL.vcxproj", "{A2F2635F-3976-CE42-B6F6-3CE7E933B055}"
	ProjectSection(ProjectDependencies) = postProject
		{4E83862E-C2F8-B44A-A688-2296353A8BBF} = {4E83862E-C2F8-B44A-A688-2296353A8BBF}
		{D1BF57E0-AE6F-3740-AC5C-33255B3CB1F1} = {D1BF57E0-AE6F-3740-AC5C-33255B3CB1F1}
	EndProjectSection
EndProject
Project("{8BC9CEB8-8B4A-11D0-8D11-00A0C91BC942}") = "BulletInverseDynamics", "BulletInverseDynamics.vcxproj", "{C9633D47-762D-0E49-93DD-99D267763B73}"
EndProject
Project("{8BC9CEB8-8B4A-11D0-8D11-00A0C91BC942}") = "BulletSoftBody", "BulletSoftBody.vcxproj", "{56877331-0DE7-C840-93A4-E2F16333E1ED}"
EndProject
Project("{8BC9CEB8-8B4A-11D0-8D11-00A0C91BC942}") = "BulletDynamics", "BulletDynamics.vcxproj", "{1C152F1F-809F-874F-B594-6CC34E42A94A}"
EndProject
Project("{8BC9CEB8-8B4A-11D0-8D11-00A0C91BC942}") = "BulletCollision", "BulletCollision.vcxproj", "{8BCB43D9-720A-964A-8FE3-4C7560C1C42E}"
EndProject
Project("{8BC9CEB8-8B4A-11D0-8D11-00A0C91BC942}") = "LinearMath", "LinearMath.vcxproj", "{0DB08CA6-8289-084B-8711-48E921158913}"
EndProject
Global
	GlobalSection(SolutionConfigurationPlatforms) = preSolution
		Release|Win32 = Release|Win32
		Release|x64 = Release|x64
		Debug|Win32 = Debug|Win32
		Debug|x64 = Debug|x64
	EndGlobalSection
	GlobalSection(ProjectConfigurationPlatforms) = postSolution
		{544B7D79-4D56-EE41-9BC5-3D55577E2781}.Release|Win32.ActiveCfg = Release|Win32
		{544B7D79-4D56-EE41-9BC5-3D55577E2781}.Release|Win32.Build.0 = Release|Win32
		{544B7D79-4D56-EE41-9BC5-3D55577E2781}.Release|x64.ActiveCfg = Release|x64
		{544B7D79-4D56-EE41-9BC5-3D55577E2781}.Release|x64.Build.0 = Release|x64
		{544B7D79-4D56-EE41-9BC5-3D55577E2781}.Debug|Win32.ActiveCfg = Debug|Win32
		{544B7D79-4D56-EE41-9BC5-3D55577E2781}.Debug|Win32.Build.0 = Debug|Win32
		{544B7D79-4D56-EE41-9BC5-3D55577E2781}.Debug|x64.ActiveCfg = Debug|x64
		{544B7D79-4D56-EE41-9BC5-3D55577E2781}.Debug|x64.Build.0 = Debug|x64
		{85FC443E-565D-FA4E-9FE0-99167D085B26}.Release|Win32.ActiveCfg = Release|Win32
		{85FC443E-565D-FA4E-9FE0-99167D085B26}.Release|Win32.Build.0 = Release|Win32
		{85FC443E-565D-FA4E-9FE0-99167D085B26}.Release|x64.ActiveCfg = Release|x64
		{85FC443E-565D-FA4E-9FE0-99167D085B26}.Release|x64.Build.0 = Release|x64
		{85FC443E-565D-FA4E-9FE0-99167D085B26}.Debug|Win32.ActiveCfg = Debug|Win32
		{85FC443E-565D-FA4E-9FE0-99167D085B26}.Debug|Win32.Build.0 = Debug|Win32
		{85FC443E-565D-FA4E-9FE0-99167D085B26}.Debug|x64.ActiveCfg = Debug|x64
		{85FC443E-565D-FA4E-9FE0-99167D085B26}.Debug|x64.Build.0 = Debug|x64
		{3655BF80-76F6-1944-B361-BC57DD6E06B9}.Release|Win32.ActiveCfg = Release|Win32
		{3655BF80-76F6-1944-B361-BC57DD6E06B9}.Release|Win32.Build.0 = Release|Win32
		{3655BF80-76F6-1944-B361-BC57DD6E06B9}.Release|x64.ActiveCfg = Release|x64
		{3655BF80-76F6-1944-B361-BC57DD6E06B9}.Release|x64.Build.0 = Release|x64
		{3655BF80-76F6-1944-B361-BC57DD6E06B9}.Debug|Win32.ActiveCfg = Debug|Win32
		{3655BF80-76F6-1944-B361-BC57DD6E06B9}.Debug|Win32.Build.0 = Debug|Win32
		{3655BF80-76F6-1944-B361-BC57DD6E06B9}.Debug|x64.ActiveCfg = Debug|x64
		{3655BF80-76F6-1944-B361-BC57DD6E06B9}.Debug|x64.Build.0 = Debug|x64
		{CF0B5B44-4323-264F-A954-B3D8716C92A5}.Release|Win32.ActiveCfg = Release|Win32
		{CF0B5B44-4323-264F-A954-B3D8716C92A5}.Release|Win32.Build.0 = Release|Win32
		{CF0B5B44-4323-264F-A954-B3D8716C92A5}.Release|x64.ActiveCfg = Release|x64
		{CF0B5B44-4323-264F-A954-B3D8716C92A5}.Release|x64.Build.0 = Release|x64
		{CF0B5B44-4323-264F-A954-B3D8716C92A5}.Debug|Win32.ActiveCfg = Debug|Win32
		{CF0B5B44-4323-264F-A954-B3D8716C92A5}.Debug|Win32.Build.0 = Debug|Win32
		{CF0B5B44-4323-264F-A954-B3D8716C92A5}.Debug|x64.ActiveCfg = Debug|x64
		{CF0B5B44-4323-264F-A954-B3D8716C92A5}.Debug|x64.Build.0 = Debug|x64
		{4E83862E-C2F8-B44A-A688-2296353A8BBF}.Release|Win32.ActiveCfg = Release|Win32
		{4E83862E-C2F8-B44A-A688-2296353A8BBF}.Release|Win32.Build.0 = Release|Win32
		{4E83862E-C2F8-B44A-A688-2296353A8BBF}.Release|x64.ActiveCfg = Release|x64
		{4E83862E-C2F8-B44A-A688-2296353A8BBF}.Release|x64.Build.0 = Release|x64
		{4E83862E-C2F8-B44A-A688-2296353A8BBF}.Debug|Win32.ActiveCfg = Debug|Win32
		{4E83862E-C2F8-B44A-A688-2296353A8BBF}.Debug|Win32.Build.0 = Debug|Win32
		{4E83862E-C2F8-B44A-A688-2296353A8BBF}.Debug|x64.ActiveCfg = Debug|x64
		{4E83862E-C2F8-B44A-A688-2296353A8BBF}.Debug|x64.Build.0 = Debug|x64
		{7E8F693C-45AE-7141-B7A4-F40BA4AB4A95}.Release|Win32.ActiveCfg = Release|Win32
		{7E8F693C-45AE-7141-B7A4-F40BA4AB4A95}.Release|Win32.Build.0 = Release|Win32
		{7E8F693C-45AE-7141-B7A4-F40BA4AB4A95}.Release|x64.ActiveCfg = Release|x64
		{7E8F693C-45AE-7141-B7A4-F40BA4AB4A95}.Release|x64.Build.0 = Release|x64
		{7E8F693C-45AE-7141-B7A4-F40BA4AB4A95}.Debug|Win32.ActiveCfg = Debug|Win32
		{7E8F693C-45AE-7141-B7A4-F40BA4AB4A95}.Debug|Win32.Build.0 = Debug|Win32
		{7E8F693C-45AE-7141-B7A4-F40BA4AB4A95}.Debug|x64.ActiveCfg = Debug|x64
		{7E8F693C-45AE-7141-B7A4-F40BA4AB4A95}.Debug|x64.Build.0 = Debug|x64
		{851DD093-1C74-704D-895E-3452B01F3075}.Release|Win32.ActiveCfg = Release|Win32
		{851DD093-1C74-704D-895E-3452B01F3075}.Release|Win32.Build.0 = Release|Win32
		{851DD093-1C74-704D-895E-3452B01F3075}.Release|x64.ActiveCfg = Release|x64
		{851DD093-1C74-704D-895E-3452B01F3075}.Release|x64.Build.0 = Release|x64
		{851DD093-1C74-704D-895E-3452B01F3075}.Debug|Win32.ActiveCfg = Debug|Win32
		{851DD093-1C74-704D-895E-3452B01F3075}.Debug|Win32.Build.0 = Debug|Win32
		{851DD093-1C74-704D-895E-3452B01F3075}.Debug|x64.ActiveCfg = Debug|x64
		{851DD093-1C74-704D-895E-3452B01F3075}.Debug|x64.Build.0 = Debug|x64
		{02711AEF-7764-114E-B41D-0A9E2594342E}.Release|Win32.ActiveCfg = Release|Win32
		{02711AEF-7764-114E-B41D-0A9E2594342E}.Release|Win32.Build.0 = Release|Win32
		{02711AEF-7764-114E-B41D-0A9E2594342E}.Release|x64.ActiveCfg = Release|x64
		{02711AEF-7764-114E-B41D-0A9E2594342E}.Release|x64.Build.0 = Release|x64
		{02711AEF-7764-114E-B41D-0A9E2594342E}.Debug|Win32.ActiveCfg = Debug|Win32
		{02711AEF-7764-114E-B41D-0A9E2594342E}.Debug|Win32.Build.0 = Debug|Win32
		{02711AEF-7764-114E-B41D-0A9E2594342E}.Debug|x64.ActiveCfg = Debug|x64
		{02711AEF-7764-114E-B41D-0A9E2594342E}.Debug|x64.Build.0 = Debug|x64
		{E2E16B2C-A122-DF4E-A3E5-530A347AA31C}.Release|Win32.ActiveCfg = Release|Win32
		{E2E16B2C-A122-DF4E-A3E5-530A347AA31C}.Release|Win32.Build.0 = Release|Win32
		{E2E16B2C-A122-DF4E-A3E5-530A347AA31C}.Release|x64.ActiveCfg = Release|x64
		{E2E16B2C-A122-DF4E-A3E5-530A347AA31C}.Release|x64.Build.0 = Release|x64
		{E2E16B2C-A122-DF4E-A3E5-530A347AA31C}.Debug|Win32.ActiveCfg = Debug|Win32
		{E2E16B2C-A122-DF4E-A3E5-530A347AA31C}.Debug|Win32.Build.0 = Debug|Win32
		{E2E16B2C-A122-DF4E-A3E5-530A347AA31C}.Debug|x64.ActiveCfg = Debug|x64
		{E2E16B2C-A122-DF4E-A3E5-530A347AA31C}.Debug|x64.Build.0 = Debug|x64
		{C68AB937-11C1-C54A-9236-8C7A75787E01}.Release|Win32.ActiveCfg = Release|Win32
		{C68AB937-11C1-C54A-9236-8C7A75787E01}.Release|Win32.Build.0 = Release|Win32
		{C68AB937-11C1-C54A-9236-8C7A75787E01}.Release|x64.ActiveCfg = Release|x64
		{C68AB937-11C1-C54A-9236-8C7A75787E01}.Release|x64.Build.0 = Release|x64
		{C68AB937-11C1-C54A-9236-8C7A75787E01}.Debug|Win32.ActiveCfg = Debug|Win32
		{C68AB937-11C1-C54A-9236-8C7A75787E01}.Debug|Win32.Build.0 = Debug|Win32
		{C68AB937-11C1-C54A-9236-8C7A75787E01}.Debug|x64.ActiveCfg = Debug|x64
		{C68AB937-11C1-C54A-9236-8C7A75787E01}.Debug|x64.Build.0 = Debug|x64
		{8589FD4C-0234-CA4D-908E-25C0FCBF4AB0}.Release|Win32.ActiveCfg = Release|Win32
		{8589FD4C-0234-CA4D-908E-25C0FCBF4AB0}.Release|Win32.Build.0 = Release|Win32
		{8589FD4C-0234-CA4D-908E-25C0FCBF4AB0}.Release|x64.ActiveCfg = Release|x64
		{8589FD4C-0234-CA4D-908E-25C0FCBF4AB0}.Release|x64.Build.0 = Release|x64
		{8589FD4C-0234-CA4D-908E-25C0FCBF4AB0}.Debug|Win32.ActiveCfg = Debug|Win32
		{8589FD4C-0234-CA4D-908E-25C0FCBF4AB0}.Debug|Win32.Build.0 = Debug|Win32
		{8589FD4C-0234-CA4D-908E-25C0FCBF4AB0}.Debug|x64.ActiveCfg = Debug|x64
		{8589FD4C-0234-CA4D-908E-25C0FCBF4AB0}.Debug|x64.Build.0 = Debug|x64
		{16C6AE41-6553-5B42-8543-5ED1D244E64B}.Release|Win32.ActiveCfg = Release|Win32
		{16C6AE41-6553-5B42-8543-5ED1D244E64B}.Release|Win32.Build.0 = Release|Win32
		{16C6AE41-6553-5B42-8543-5ED1D244E64B}.Release|x64.ActiveCfg = Release|x64
		{16C6AE41-6553-5B42-8543-5ED1D244E64B}.Release|x64.Build.0 = Release|x64
		{16C6AE41-6553-5B42-8543-5ED1D244E64B}.Debug|Win32.ActiveCfg = Debug|Win32
		{16C6AE41-6553-5B42-8543-5ED1D244E64B}.Debug|Win32.Build.0 = Debug|Win32
		{16C6AE41-6553-5B42-8543-5ED1D244E64B}.Debug|x64.ActiveCfg = Debug|x64
		{16C6AE41-6553-5B42-8543-5ED1D244E64B}.Debug|x64.Build.0 = Debug|x64
		{5922FC60-2E4B-9B41-978B-99BE8E355E6F}.Release|Win32.ActiveCfg = Release|Win32
		{5922FC60-2E4B-9B41-978B-99BE8E355E6F}.Release|Win32.Build.0 = Release|Win32
		{5922FC60-2E4B-9B41-978B-99BE8E355E6F}.Release|x64.ActiveCfg = Release|x64
		{5922FC60-2E4B-9B41-978B-99BE8E355E6F}.Release|x64.Build.0 = Release|x64
		{5922FC60-2E4B-9B41-978B-99BE8E355E6F}.Debug|Win32.ActiveCfg = Debug|Win32
		{5922FC60-2E4B-9B41-978B-99BE8E355E6F}.Debug|Win32.Build.0 = Debug|Win32
		{5922FC60-2E4B-9B41-978B-99BE8E355E6F}.Debug|x64.ActiveCfg = Debug|x64
		{5922FC60-2E4B-9B41-978B-99BE8E355E6F}.Debug|x64.Build.0 = Debug|x64
		{7EEED17E-F6BE-144A-9C52-76BA20E6C1D7}.Release|Win32.ActiveCfg = Release|Win32
		{7EEED17E-F6BE-144A-9C52-76BA20E6C1D7}.Release|Win32.Build.0 = Release|Win32
		{7EEED17E-F6BE-144A-9C52-76BA20E6C1D7}.Release|x64.ActiveCfg = Release|x64
		{7EEED17E-F6BE-144A-9C52-76BA20E6C1D7}.Release|x64.Build.0 = Release|x64
		{7EEED17E-F6BE-144A-9C52-76BA20E6C1D7}.Debug|Win32.ActiveCfg = Debug|Win32
		{7EEED17E-F6BE-144A-9C52-76BA20E6C1D7}.Debug|Win32.Build.0 = Debug|Win32
		{7EEED17E-F6BE-144A-9C52-76BA20E6C1D7}.Debug|x64.ActiveCfg = Debug|x64
		{7EEED17E-F6BE-144A-9C52-76BA20E6C1D7}.Debug|x64.Build.0 = Debug|x64
		{64A68F53-1483-8B4A-BFD6-A7627E0D3EEA}.Release|Win32.ActiveCfg = Release|Win32
		{64A68F53-1483-8B4A-BFD6-A7627E0D3EEA}.Release|Win32.Build.0 = Release|Win32
		{64A68F53-1483-8B4A-BFD6-A7627E0D3EEA}.Release|x64.ActiveCfg = Release|x64
		{64A68F53-1483-8B4A-BFD6-A7627E0D3EEA}.Release|x64.Build.0 = Release|x64
		{64A68F53-1483-8B4A-BFD6-A7627E0D3EEA}.Debug|Win32.ActiveCfg = Debug|Win32
		{64A68F53-1483-8B4A-BFD6-A7627E0D3EEA}.Debug|Win32.Build.0 = Debug|Win32
		{64A68F53-1483-8B4A-BFD6-A7627E0D3EEA}.Debug|x64.ActiveCfg = Debug|x64
		{64A68F53-1483-8B4A-BFD6-A7627E0D3EEA}.Debug|x64.Build.0 = Debug|x64
		{02C60416-B8E1-0D47-A9F3-4983CDB9D4FC}.Release|Win32.ActiveCfg = Release|Win32
		{02C60416-B8E1-0D47-A9F3-4983CDB9D4FC}.Release|Win32.Build.0 = Release|Win32
		{02C60416-B8E1-0D47-A9F3-4983CDB9D4FC}.Release|x64.ActiveCfg = Release|x64
		{02C60416-B8E1-0D47-A9F3-4983CDB9D4FC}.Release|x64.Build.0 = Release|x64
		{02C60416-B8E1-0D47-A9F3-4983CDB9D4FC}.Debug|Win32.ActiveCfg = Debug|Win32
		{02C60416-B8E1-0D47-A9F3-4983CDB9D4FC}.Debug|Win32.Build.0 = Debug|Win32
		{02C60416-B8E1-0D47-A9F3-4983CDB9D4FC}.Debug|x64.ActiveCfg = Debug|x64
		{02C60416-B8E1-0D47-A9F3-4983CDB9D4FC}.Debug|x64.Build.0 = Debug|x64
		{17E5D1DE-9F2D-2E4C-ACF9-0DD78620ADAB}.Release|Win32.ActiveCfg = Release|Win32
		{17E5D1DE-9F2D-2E4C-ACF9-0DD78620ADAB}.Release|Win32.Build.0 = Release|Win32
		{17E5D1DE-9F2D-2E4C-ACF9-0DD78620ADAB}.Release|x64.ActiveCfg = Release|x64
		{17E5D1DE-9F2D-2E4C-ACF9-0DD78620ADAB}.Release|x64.Build.0 = Release|x64
		{17E5D1DE-9F2D-2E4C-ACF9-0DD78620ADAB}.Debug|Win32.ActiveCfg = Debug|Win32
		{17E5D1DE-9F2D-2E4C-ACF9-0DD78620ADAB}.Debug|Win32.Build.0 = Debug|Win32
		{17E5D1DE-9F2D-2E4C-ACF9-0DD78620ADAB}.Debug|x64.ActiveCfg = Debug|x64
		{17E5D1DE-9F2D-2E4C-ACF9-0DD78620ADAB}.Debug|x64.Build.0 = Debug|x64
		{7763BC40-929E-E14F-94FB-1C2A445CBE2D}.Release|Win32.ActiveCfg = Release|Win32
		{7763BC40-929E-E14F-94FB-1C2A445CBE2D}.Release|Win32.Build.0 = Release|Win32
		{7763BC40-929E-E14F-94FB-1C2A445CBE2D}.Release|x64.ActiveCfg = Release|x64
		{7763BC40-929E-E14F-94FB-1C2A445CBE2D}.Release|x64.Build.0 = Release|x64
		{7763BC40-929E-E14F-94FB-1C2A445CBE2D}.Debug|Win32.ActiveCfg = Debug|Win32
		{7763BC40-929E-E14F-94FB-1C2A445CBE2D}.Debug|Win32.Build.0 = Debug|Win32
		{7763BC40-929E-E14F-94FB-1C2A445CBE2D}.Debug|x64.ActiveCfg = Debug|x64
		{7763BC40-929E-E14F-94FB-1C2A445CBE2D}.Debug|x64.Build.0 = Debug|x64
		{2A77F613-800C-DA47-8197-9657DF16E194}.Release|Win32.ActiveCfg = Release|Win32
		{2A77F613-800C-DA47-8197-9657DF16E194}.Release|Win32.Build.0 = Release|Win32
		{2A77F613-800C-DA47-8197-9657DF16E194}.Release|x64.ActiveCfg = Release|x64
		{2A77F613-800C-DA47-8197-9657DF16E194}.Release|x64.Build.0 = Release|x64
		{2A77F613-800C-DA47-8197-9657DF16E194}.Debug|Win32.ActiveCfg = Debug|Win32
		{2A77F613-800C-DA47-8197-9657DF16E194}.Debug|Win32.Build.0 = Debug|Win32
		{2A77F613-800C-DA47-8197-9657DF16E194}.Debug|x64.ActiveCfg = Debug|x64
		{2A77F613-800C-DA47-8197-9657DF16E194}.Debug|x64.Build.0 = Debug|x64
		{6A382BE1-C485-7B4F-941F-246BC2C92398}.Release|Win32.ActiveCfg = Release|Win32
		{6A382BE1-C485-7B4F-941F-246BC2C92398}.Release|Win32.Build.0 = Release|Win32
		{6A382BE1-C485-7B4F-941F-246BC2C92398}.Release|x64.ActiveCfg = Release|x64
		{6A382BE1-C485-7B4F-941F-246BC2C92398}.Release|x64.Build.0 = Release|x64
		{6A382BE1-C485-7B4F-941F-246BC2C92398}.Debug|Win32.ActiveCfg = Debug|Win32
		{6A382BE1-C485-7B4F-941F-246BC2C92398}.Debug|Win32.Build.0 = Debug|Win32
		{6A382BE1-C485-7B4F-941F-246BC2C92398}.Debug|x64.ActiveCfg = Debug|x64
		{6A382BE1-C485-7B4F-941F-246BC2C92398}.Debug|x64.Build.0 = Debug|x64
		{176F6B07-2362-204E-9920-919AE8672FB4}.Release|Win32.ActiveCfg = Release|Win32
		{176F6B07-2362-204E-9920-919AE8672FB4}.Release|Win32.Build.0 = Release|Win32
		{176F6B07-2362-204E-9920-919AE8672FB4}.Release|x64.ActiveCfg = Release|x64
		{176F6B07-2362-204E-9920-919AE8672FB4}.Release|x64.Build.0 = Release|x64
		{176F6B07-2362-204E-9920-919AE8672FB4}.Debug|Win32.ActiveCfg = Debug|Win32
		{176F6B07-2362-204E-9920-919AE8672FB4}.Debug|Win32.Build.0 = Debug|Win32
		{176F6B07-2362-204E-9920-919AE8672FB4}.Debug|x64.ActiveCfg = Debug|x64
		{176F6B07-2362-204E-9920-919AE8672FB4}.Debug|x64.Build.0 = Debug|x64
		{BEA180F8-EAD9-DF45-B883-49BFA6AB587C}.Release|Win32.ActiveCfg = Release|Win32
		{BEA180F8-EAD9-DF45-B883-49BFA6AB587C}.Release|Win32.Build.0 = Release|Win32
		{BEA180F8-EAD9-DF45-B883-49BFA6AB587C}.Release|x64.ActiveCfg = Release|x64
		{BEA180F8-EAD9-DF45-B883-49BFA6AB587C}.Release|x64.Build.0 = Release|x64
		{BEA180F8-EAD9-DF45-B883-49BFA6AB587C}.Debug|Win32.ActiveCfg = Debug|Win32
		{BEA180F8-EAD9-DF45-B883-49BFA6AB587C}.Debug|Win32.Build.0 = Debug|Win32
		{BEA180F8-EAD9-DF45-B883-49BFA6AB587C}.Debug|x64.ActiveCfg = Debug|x64
		{BEA180F8-EAD9-DF45-B883-49BFA6AB587C}.Debug|x64.Build.0 = Debug|x64
		{BD860AE2-9C80-CF49-89CA-EE41B99AE9D0}.Release|Win32.ActiveCfg = Release|Win32
		{BD860AE2-9C80-CF49-89CA-EE41B99AE9D0}.Release|Win32.Build.0 = Release|Win32
		{BD860AE2-9C80-CF49-89CA-EE41B99AE9D0}.Release|x64.ActiveCfg = Release|x64
		{BD860AE2-9C80-CF49-89CA-EE41B99AE9D0}.Release|x64.Build.0 = Release|x64
		{BD860AE2-9C80-CF49-89CA-EE41B99AE9D0}.Debug|Win32.ActiveCfg = Debug|Win32
		{BD860AE2-9C80-CF49-89CA-EE41B99AE9D0}.Debug|Win32.Build.0 = Debug|Win32
		{BD860AE2-9C80-CF49-89CA-EE41B99AE9D0}.Debug|x64.ActiveCfg = Debug|x64
		{BD860AE2-9C80-CF49-89CA-EE41B99AE9D0}.Debug|x64.Build.0 = Debug|x64
		{D9092BB5-979E-9E43-B496-D0AC77AE1560}.Release|Win32.ActiveCfg = Release|Win32
		{D9092BB5-979E-9E43-B496-D0AC77AE1560}.Release|Win32.Build.0 = Release|Win32
		{D9092BB5-979E-9E43-B496-D0AC77AE1560}.Release|x64.ActiveCfg = Release|x64
		{D9092BB5-979E-9E43-B496-D0AC77AE1560}.Release|x64.Build.0 = Release|x64
		{D9092BB5-979E-9E43-B496-D0AC77AE1560}.Debug|Win32.ActiveCfg = Debug|Win32
		{D9092BB5-979E-9E43-B496-D0AC77AE1560}.Debug|Win32.Build.0 = Debug|Win32
		{D9092BB5-979E-9E43-B496-D0AC77AE1560}.Debug|x64.ActiveCfg = Debug|x64
		{D9092BB5-979E-9E43-B496-D0AC77AE1560}.Debug|x64.Build.0 = Debug|x64
		{ED4F26BD-62A0-3442-BE4D-5DF08DC4B719}.Release|Win32.ActiveCfg = Release|Win32
		{ED4F26BD-62A0-3442-BE4D-5DF08DC4B719}.Release|Win32.Build.0 = Release|Win32
		{ED4F26BD-62A0-3442-BE4D-5DF08DC4B719}.Release|x64.ActiveCfg = Release|x64
		{ED4F26BD-62A0-3442-BE4D-5DF08DC4B719}.Release|x64.Build.0 = Release|x64
		{ED4F26BD-62A0-3442-BE4D-5DF08DC4B719}.Debug|Win32.ActiveCfg = Debug|Win32
		{ED4F26BD-62A0-3442-BE4D-5DF08DC4B719}.Debug|Win32.Build.0 = Debug|Win32
		{ED4F26BD-62A0-3442-BE4D-5DF08DC4B719}.Debug|x64.ActiveCfg = Debug|x64
		{ED4F26BD-62A0-3442-BE4D-5DF08DC4B719}.Debug|x64.Build.0 = Debug|x64
		{B2FB8112-DD62-6845-928B-CE711F096C5C}.Release|Win32.ActiveCfg = Release|Win32
		{B2FB8112-DD62-6845-928B-CE711F096C5C}.Release|Win32.Build.0 = Release|Win32
		{B2FB8112-DD62-6845-928B-CE711F096C5C}.Release|x64.ActiveCfg = Release|x64
		{B2FB8112-DD62-6845-928B-CE711F096C5C}.Release|x64.Build.0 = Release|x64
		{B2FB8112-DD62-6845-928B-CE711F096C5C}.Debug|Win32.ActiveCfg = Debug|Win32
		{B2FB8112-DD62-6845-928B-CE711F096C5C}.Debug|Win32.Build.0 = Debug|Win32
		{B2FB8112-DD62-6845-928B-CE711F096C5C}.Debug|x64.ActiveCfg = Debug|x64
		{B2FB8112-DD62-6845-928B-CE711F096C5C}.Debug|x64.Build.0 = Debug|x64
		{613034B4-A681-1F42-B6EE-081C713E7285}.Release|Win32.ActiveCfg = Release|Win32
		{613034B4-A681-1F42-B6EE-081C713E7285}.Release|Win32.Build.0 = Release|Win32
		{613034B4-A681-1F42-B6EE-081C713E7285}.Release|x64.ActiveCfg = Release|x64
		{613034B4-A681-1F42-B6EE-081C713E7285}.Release|x64.Build.0 = Release|x64
		{613034B4-A681-1F42-B6EE-081C713E7285}.Debug|Win32.ActiveCfg = Debug|Win32
		{613034B4-A681-1F42-B6EE-081C713E7285}.Debug|Win32.Build.0 = Debug|Win32
		{613034B4-A681-1F42-B6EE-081C713E7285}.Debug|x64.ActiveCfg = Debug|x64
		{613034B4-A681-1F42-B6EE-081C713E7285}.Debug|x64.Build.0 = Debug|x64
		{3FED5163-8B6F-1D48-8FEA-7C5D3C08AD5F}.Release|Win32.ActiveCfg = Release|Win32
		{3FED5163-8B6F-1D48-8FEA-7C5D3C08AD5F}.Release|Win32.Build.0 = Release|Win32
		{3FED5163-8B6F-1D48-8FEA-7C5D3C08AD5F}.Release|x64.ActiveCfg = Release|x64
		{3FED5163-8B6F-1D48-8FEA-7C5D3C08AD5F}.Release|x64.Build.0 = Release|x64
		{3FED5163-8B6F-1D48-8FEA-7C5D3C08AD5F}.Debug|Win32.ActiveCfg = Debug|Win32
		{3FED5163-8B6F-1D48-8FEA-7C5D3C08AD5F}.Debug|Win32.Build.0 = Debug|Win32
		{3FED5163-8B6F-1D48-8FEA-7C5D3C08AD5F}.Debug|x64.ActiveCfg = Debug|x64
		{3FED5163-8B6F-1D48-8FEA-7C5D3C08AD5F}.Debug|x64.Build.0 = Debug|x64
		{952719B6-7737-0144-A59E-FAFA936A0CC5}.Release|Win32.ActiveCfg = Release|Win32
		{952719B6-7737-0144-A59E-FAFA936A0CC5}.Release|Win32.Build.0 = Release|Win32
		{952719B6-7737-0144-A59E-FAFA936A0CC5}.Release|x64.ActiveCfg = Release|x64
		{952719B6-7737-0144-A59E-FAFA936A0CC5}.Release|x64.Build.0 = Release|x64
		{952719B6-7737-0144-A59E-FAFA936A0CC5}.Debug|Win32.ActiveCfg = Debug|Win32
		{952719B6-7737-0144-A59E-FAFA936A0CC5}.Debug|Win32.Build.0 = Debug|Win32
		{952719B6-7737-0144-A59E-FAFA936A0CC5}.Debug|x64.ActiveCfg = Debug|x64
		{952719B6-7737-0144-A59E-FAFA936A0CC5}.Debug|x64.Build.0 = Debug|x64
		{F3023291-20EA-144C-9D5F-7E04C93D3F75}.Release|Win32.ActiveCfg = Release|Win32
		{F3023291-20EA-144C-9D5F-7E04C93D3F75}.Release|Win32.Build.0 = Release|Win32
		{F3023291-20EA-144C-9D5F-7E04C93D3F75}.Release|x64.ActiveCfg = Release|x64
		{F3023291-20EA-144C-9D5F-7E04C93D3F75}.Release|x64.Build.0 = Release|x64
		{F3023291-20EA-144C-9D5F-7E04C93D3F75}.Debug|Win32.ActiveCfg = Debug|Win32
		{F3023291-20EA-144C-9D5F-7E04C93D3F75}.Debug|Win32.Build.0 = Debug|Win32
		{F3023291-20EA-144C-9D5F-7E04C93D3F75}.Debug|x64.ActiveCfg = Debug|x64
		{F3023291-20EA-144C-9D5F-7E04C93D3F75}.Debug|x64.Build.0 = Debug|x64
		{3DBD01A7-F694-494F-84BA-335B8970E60C}.Release|Win32.ActiveCfg = Release|Win32
		{3DBD01A7-F694-494F-84BA-335B8970E60C}.Release|Win32.Build.0 = Release|Win32
		{3DBD01A7-F694-494F-84BA-335B8970E60C}.Release|x64.ActiveCfg = Release|x64
		{3DBD01A7-F694-494F-84BA-335B8970E60C}.Release|x64.Build.0 = Release|x64
		{3DBD01A7-F694-494F-84BA-335B8970E60C}.Debug|Win32.ActiveCfg = Debug|Win32
		{3DBD01A7-F694-494F-84BA-335B8970E60C}.Debug|Win32.Build.0 = Debug|Win32
		{3DBD01A7-F694-494F-84BA-335B8970E60C}.Debug|x64.ActiveCfg = Debug|x64
		{3DBD01A7-F694-494F-84BA-335B8970E60C}.Debug|x64.Build.0 = Debug|x64
		{F0BC84F1-ED3A-154C-8887-75A876003C58}.Release|Win32.ActiveCfg = Release|Win32
		{F0BC84F1-ED3A-154C-8887-75A876003C58}.Release|Win32.Build.0 = Release|Win32
		{F0BC84F1-ED3A-154C-8887-75A876003C58}.Release|x64.ActiveCfg = Release|x64
		{F0BC84F1-ED3A-154C-8887-75A876003C58}.Release|x64.Build.0 = Release|x64
		{F0BC84F1-ED3A-154C-8887-75A876003C58}.Debug|Win32.ActiveCfg = Debug|Win32
		{F0BC84F1-ED3A-154C-8887-75A876003C58}.Debug|Win32.Build.0 = Debug|Win32
		{F0BC84F1-ED3A-154C-8887-75A876003C58}.Debug|x64.ActiveCfg = Debug|x64
		{F0BC84F1-ED3A-154C-8887-75A876003C58}.Debug|x64.Build.0 = Debug|x64
		{2D2E02D0-B17F-DF41-902D-A6FB6685987F}.Release|Win32.ActiveCfg = Release|Win32
		{2D2E02D0-B17F-DF41-902D-A6FB6685987F}.Release|Win32.Build.0 = Release|Win32
		{2D2E02D0-B17F-DF41-902D-A6FB6685987F}.Release|x64.ActiveCfg = Release|x64
		{2D2E02D0-B17F-DF41-902D-A6FB6685987F}.Release|x64.Build.0 = Release|x64
		{2D2E02D0-B17F-DF41-902D-A6FB6685987F}.Debug|Win32.ActiveCfg = Debug|Win32
		{2D2E02D0-B17F-DF41-902D-A6FB6685987F}.Debug|Win32.Build.0 = Debug|Win32
		{2D2E02D0-B17F-DF41-902D-A6FB6685987F}.Debug|x64.ActiveCfg = Debug|x64
		{2D2E02D0-B17F-DF41-902D-A6FB6685987F}.Debug|x64.Build.0 = Debug|x64
		{D1BF57E0-AE6F-3740-AC5C-33255B3CB1F1}.Release|Win32.ActiveCfg = Release|Win32
		{D1BF57E0-AE6F-3740-AC5C-33255B3CB1F1}.Release|Win32.Build.0 = Release|Win32
		{D1BF57E0-AE6F-3740-AC5C-33255B3CB1F1}.Release|x64.ActiveCfg = Release|x64
		{D1BF57E0-AE6F-3740-AC5C-33255B3CB1F1}.Release|x64.Build.0 = Release|x64
		{D1BF57E0-AE6F-3740-AC5C-33255B3CB1F1}.Debug|Win32.ActiveCfg = Debug|Win32
		{D1BF57E0-AE6F-3740-AC5C-33255B3CB1F1}.Debug|Win32.Build.0 = Debug|Win32
		{D1BF57E0-AE6F-3740-AC5C-33255B3CB1F1}.Debug|x64.ActiveCfg = Debug|x64
		{D1BF57E0-AE6F-3740-AC5C-33255B3CB1F1}.Debug|x64.Build.0 = Debug|x64
		{FE9F1A62-5DBE-6D43-9E8B-377D82C46850}.Release|Win32.ActiveCfg = Release|Win32
		{FE9F1A62-5DBE-6D43-9E8B-377D82C46850}.Release|Win32.Build.0 = Release|Win32
		{FE9F1A62-5DBE-6D43-9E8B-377D82C46850}.Release|x64.ActiveCfg = Release|x64
		{FE9F1A62-5DBE-6D43-9E8B-377D82C46850}.Release|x64.Build.0 = Release|x64
		{FE9F1A62-5DBE-6D43-9E8B-377D82C46850}.Debug|Win32.ActiveCfg = Debug|Win32
		{FE9F1A62-5DBE-6D43-9E8B-377D82C46850}.Debug|Win32.Build.0 = Debug|Win32
		{FE9F1A62-5DBE-6D43-9E8B-377D82C46850}.Debug|x64.ActiveCfg = Debug|x64
		{FE9F1A62-5DBE-6D43-9E8B-377D82C46850}.Debug|x64.Build.0 = Debug|x64
		{B7E5502C-3C44-9643-B3CA-03F619CF0345}.Release|Win32.ActiveCfg = Release|Win32
		{B7E5502C-3C44-9643-B3CA-03F619CF0345}.Release|Win32.Build.0 = Release|Win32
		{B7E5502C-3C44-9643-B3CA-03F619CF0345}.Release|x64.ActiveCfg = Release|x64
		{B7E5502C-3C44-9643-B3CA-03F619CF0345}.Release|x64.Build.0 = Release|x64
		{B7E5502C-3C44-9643-B3CA-03F619CF0345}.Debug|Win32.ActiveCfg = Debug|Win32
		{B7E5502C-3C44-9643-B3CA-03F619CF0345}.Debug|Win32.Build.0 = Debug|Win32
		{B7E5502C-3C44-9643-B3CA-03F619CF0345}.Debug|x64.ActiveCfg = Debug|x64
		{B7E5502C-3C44-9643-B3CA-03F619CF0345}.Debug|x64.Build.0 = Debug|x64
		{7AFA2680-B15E-C741-AC22-CA7E4C0745E4}.Release|Win32.ActiveCfg = Release|Win32
		{7AFA2680-B15E-C741-AC22-CA7E4C0745E4}.Release|Win32.Build.0 = Release|Win32
		{7AFA2680-B15E-C741-AC22-CA7E4C0745E4}.Release|x64.ActiveCfg = Release|x64
		{7AFA2680-B15E-C741-AC22-CA7E4C0745E4}.Release|x64.Build.0 = Release|x64
		{7AFA2680-B15E-C741-AC22-CA7E4C0745E4}.Debug|Win32.ActiveCfg = Debug|Win32
		{7AFA2680-B15E-C741-AC22-CA7E4C0745E4}.Debug|Win32.Build.0 = Debug|Win32
		{7AFA2680-B15E-C741-AC22-CA7E4C0745E4}.Debug|x64.ActiveCfg = Debug|x64
		{7AFA2680-B15E-C741-AC22-CA7E4C0745E4}.Debug|x64.Build.0 = Debug|x64
		{10E55230-0DAF-F64A-9FA4-A984E74CC9CE}.Release|Win32.ActiveCfg = Release|Win32
		{10E55230-0DAF-F64A-9FA4-A984E74CC9CE}.Release|Win32.Build.0 = Release|Win32
		{10E55230-0DAF-F64A-9FA4-A984E74CC9CE}.Release|x64.ActiveCfg = Release|x64
		{10E55230-0DAF-F64A-9FA4-A984E74CC9CE}.Release|x64.Build.0 = Release|x64
		{10E55230-0DAF-F64A-9FA4-A984E74CC9CE}.Debug|Win32.ActiveCfg = Debug|Win32
		{10E55230-0DAF-F64A-9FA4-A984E74CC9CE}.Debug|Win32.Build.0 = Debug|Win32
		{10E55230-0DAF-F64A-9FA4-A984E74CC9CE}.Debug|x64.ActiveCfg = Debug|x64
		{10E55230-0DAF-F64A-9FA4-A984E74CC9CE}.Debug|x64.Build.0 = Debug|x64
		{DFA2CF6E-AD09-2E4C-B21D-10DB476071E4}.Release|Win32.ActiveCfg = Release|Win32
		{DFA2CF6E-AD09-2E4C-B21D-10DB476071E4}.Release|Win32.Build.0 = Release|Win32
		{DFA2CF6E-AD09-2E4C-B21D-10DB476071E4}.Release|x64.ActiveCfg = Release|x64
		{DFA2CF6E-AD09-2E4C-B21D-10DB476071E4}.Release|x64.Build.0 = Release|x64
		{DFA2CF6E-AD09-2E4C-B21D-10DB476071E4}.Debug|Win32.ActiveCfg = Debug|Win32
		{DFA2CF6E-AD09-2E4C-B21D-10DB476071E4}.Debug|Win32.Build.0 = Debug|Win32
		{DFA2CF6E-AD09-2E4C-B21D-10DB476071E4}.Debug|x64.ActiveCfg = Debug|x64
		{DFA2CF6E-AD09-2E4C-B21D-10DB476071E4}.Debug|x64.Build.0 = Debug|x64
		{8972E3B1-C9E1-CA45-98CE-74AAD79AE209}.Release|Win32.ActiveCfg = Release|Win32
		{8972E3B1-C9E1-CA45-98CE-74AAD79AE209}.Release|Win32.Build.0 = Release|Win32
		{8972E3B1-C9E1-CA45-98CE-74AAD79AE209}.Release|x64.ActiveCfg = Release|x64
		{8972E3B1-C9E1-CA45-98CE-74AAD79AE209}.Release|x64.Build.0 = Release|x64
		{8972E3B1-C9E1-CA45-98CE-74AAD79AE209}.Debug|Win32.ActiveCfg = Debug|Win32
		{8972E3B1-C9E1-CA45-98CE-74AAD79AE209}.Debug|Win32.Build.0 = Debug|Win32
		{8972E3B1-C9E1-CA45-98CE-74AAD79AE209}.Debug|x64.ActiveCfg = Debug|x64
		{8972E3B1-C9E1-CA45-98CE-74AAD79AE209}.Debug|x64.Build.0 = Debug|x64
		{3E38CBCA-7303-2640-8361-39C2F8F2C590}.Release|Win32.ActiveCfg = Release|Win32
		{3E38CBCA-7303-2640-8361-39C2F8F2C590}.Release|Win32.Build.0 = Release|Win32
		{3E38CBCA-7303-2640-8361-39C2F8F2C590}.Release|x64.ActiveCfg = Release|x64
		{3E38CBCA-7303-2640-8361-39C2F8F2C590}.Release|x64.Build.0 = Release|x64
		{3E38CBCA-7303-2640-8361-39C2F8F2C590}.Debug|Win32.ActiveCfg = Debug|Win32
		{3E38CBCA-7303-2640-8361-39C2F8F2C590}.Debug|Win32.Build.0 = Debug|Win32
		{3E38CBCA-7303-2640-8361-39C2F8F2C590}.Debug|x64.ActiveCfg = Debug|x64
		{3E38CBCA-7303-2640-8361-39C2F8F2C590}.Debug|x64.Build.0 = Debug|x64
		{2837090D-6020-5A47-A9DB-19A6B629D09F}.Release|Win32.ActiveCfg = Release|Win32
		{2837090D-6020-5A47-A9DB-19A6B629D09F}.Release|Win32.Build.0 = Release|Win32
		{2837090D-6020-5A47-A9DB-19A6B629D09F}.Release|x64.ActiveCfg = Release|x64
		{2837090D-6020-5A47-A9DB-19A6B629D09F}.Release|x64.Build.0 = Release|x64
		{2837090D-6020-5A47-A9DB-19A6B629D09F}.Debug|Win32.ActiveCfg = Debug|Win32
		{2837090D-6020-5A47-A9DB-19A6B629D09F}.Debug|Win32.Build.0 = Debug|Win32
		{2837090D-6020-5A47-A9DB-19A6B629D09F}.Debug|x64.ActiveCfg = Debug|x64
		{2837090D-6020-5A47-A9DB-19A6B629D09F}.Debug|x64.Build.0 = Debug|x64
		{1810BCC0-1ACA-CF48-9526-569FE2F6E9B4}.Release|Win32.ActiveCfg = Release|Win32
		{1810BCC0-1ACA-CF48-9526-569FE2F6E9B4}.Release|Win32.Build.0 = Release|Win32
		{1810BCC0-1ACA-CF48-9526-569FE2F6E9B4}.Release|x64.ActiveCfg = Release|x64
		{1810BCC0-1ACA-CF48-9526-569FE2F6E9B4}.Release|x64.Build.0 = Release|x64
		{1810BCC0-1ACA-CF48-9526-569FE2F6E9B4}.Debug|Win32.ActiveCfg = Debug|Win32
		{1810BCC0-1ACA-CF48-9526-569FE2F6E9B4}.Debug|Win32.Build.0 = Debug|Win32
		{1810BCC0-1ACA-CF48-9526-569FE2F6E9B4}.Debug|x64.ActiveCfg = Debug|x64
		{1810BCC0-1ACA-CF48-9526-569FE2F6E9B4}.Debug|x64.Build.0 = Debug|x64
		{04981419-869B-5C4D-9C22-C0C9F5B3D7D2}.Release|Win32.ActiveCfg = Release|Win32
		{04981419-869B-5C4D-9C22-C0C9F5B3D7D2}.Release|Win32.Build.0 = Release|Win32
		{04981419-869B-5C4D-9C22-C0C9F5B3D7D2}.Release|x64.ActiveCfg = Release|x64
		{04981419-869B-5C4D-9C22-C0C9F5B3D7D2}.Release|x64.Build.0 = Release|x64
		{04981419-869B-5C4D-9C22-C0C9F5B3D7D2}.Debug|Win32.ActiveCfg = Debug|Win32
		{04981419-869B-5C4D-9C22-C0C9F5B3D7D2}.Debug|Win32.Build.0 = Debug|Win32
		{04981419-869B-5C4D-9C22-C0C9F5B3D7D2}.Debug|x64.ActiveCfg = Debug|x64
		{04981419-869B-5C4D-9C22-C0C9F5B3D7D2}.Debug|x64.Build.0 = Debug|x64
		{22D99B09-A7E3-9840-8DED-DCD0132C16B3}.Release|Win32.ActiveCfg = Release|Win32
		{22D99B09-A7E3-9840-8DED-DCD0132C16B3}.Release|Win32.Build.0 = Release|Win32
		{22D99B09-A7E3-9840-8DED-DCD0132C16B3}.Release|x64.ActiveCfg = Release|x64
		{22D99B09-A7E3-9840-8DED-DCD0132C16B3}.Release|x64.Build.0 = Release|x64
		{22D99B09-A7E3-9840-8DED-DCD0132C16B3}.Debug|Win32.ActiveCfg = Debug|Win32
		{22D99B09-A7E3-9840-8DED-DCD0132C16B3}.Debug|Win32.Build.0 = Debug|Win32
		{22D99B09-A7E3-9840-8DED-DCD0132C16B3}.Debug|x64.ActiveCfg = Debug|x64
		{22D99B09-A7E3-9840-8DED-DCD0132C16B3}.Debug|x64.Build.0 = Debug|x64
		{EB4FE323-1B75-4643-B294-C8707E7640A6}.Release|Win32.ActiveCfg = Release|Win32
		{EB4FE323-1B75-4643-B294-C8707E7640A6}.Release|Win32.Build.0 = Release|Win32
		{EB4FE323-1B75-4643-B294-C8707E7640A6}.Release|x64.ActiveCfg = Release|x64
		{EB4FE323-1B75-4643-B294-C8707E7640A6}.Release|x64.Build.0 = Release|x64
		{EB4FE323-1B75-4643-B294-C8707E7640A6}.Debug|Win32.ActiveCfg = Debug|Win32
		{EB4FE323-1B75-4643-B294-C8707E7640A6}.Debug|Win32.Build.0 = Debug|Win32
		{EB4FE323-1B75-4643-B294-C8707E7640A6}.Debug|x64.ActiveCfg = Debug|x64
		{EB4FE323-1B75-4643-B294-C8707E7640A6}.Debug|x64.Build.0 = Debug|x64
		{93D5EA1C-A3E8-FE45-9E17-F0BF55C9802F}.Release|Win32.ActiveCfg = Release|Win32
		{93D5EA1C-A3E8-FE45-9E17-F0BF55C9802F}.Release|Win32.Build.0 = Release|Win32
		{93D5EA1C-A3E8-FE45-9E17-F0BF55C9802F}.Release|x64.ActiveCfg = Release|x64
		{93D5EA1C-A3E8-FE45-9E17-F0BF55C9802F}.Release|x64.Build.0 = Release|x64
		{93D5EA1C-A3E8-FE45-9E17-F0BF55C9802F}.Debug|Win32.ActiveCfg = Debug|Win32
		{93D5EA1C-A3E8-FE45-9E17-F0BF55C9802F}.Debug|Win32.Build.0 = Debug|Win32
		{93D5EA1C-A3E8-FE45-9E17-F0BF55C9802F}.Debug|x64.ActiveCfg = Debug|x64
		{93D5EA1C-A3E8-FE45-9E17-F0BF55C9802F}.Debug|x64.Build.0 = Debug|x64
		{D4EFAE77-186C-B442-90F1-7DC4B4574D5C}.Release|Win32.ActiveCfg = Release|Win32
		{D4EFAE77-186C-B442-90F1-7DC4B4574D5C}.Release|Win32.Build.0 = Release|Win32
		{D4EFAE77-186C-B442-90F1-7DC4B4574D5C}.Release|x64.ActiveCfg = Release|x64
		{D4EFAE77-186C-B442-90F1-7DC4B4574D5C}.Release|x64.Build.0 = Release|x64
		{D4EFAE77-186C-B442-90F1-7DC4B4574D5C}.Debug|Win32.ActiveCfg = Debug|Win32
		{D4EFAE77-186C-B442-90F1-7DC4B4574D5C}.Debug|Win32.Build.0 = Debug|Win32
		{D4EFAE77-186C-B442-90F1-7DC4B4574D5C}.Debug|x64.ActiveCfg = Debug|x64
		{D4EFAE77-186C-B442-90F1-7DC4B4574D5C}.Debug|x64.Build.0 = Debug|x64
		{F89C7D1E-81E4-1543-9F23-D1EF4E450400}.Release|Win32.ActiveCfg = Release|Win32
		{F89C7D1E-81E4-1543-9F23-D1EF4E450400}.Release|Win32.Build.0 = Release|Win32
		{F89C7D1E-81E4-1543-9F23-D1EF4E450400}.Release|x64.ActiveCfg = Release|x64
		{F89C7D1E-81E4-1543-9F23-D1EF4E450400}.Release|x64.Build.0 = Release|x64
		{F89C7D1E-81E4-1543-9F23-D1EF4E450400}.Debug|Win32.ActiveCfg = Debug|Win32
		{F89C7D1E-81E4-1543-9F23-D1EF4E450400}.Debug|Win32.Build.0 = Debug|Win32
		{F89C7D1E-81E4-1543-9F23-D1EF4E450400}.Debug|x64.ActiveCfg = Debug|x64
		{F89C7D1E-81E4-1543-9F23-D1EF4E450400}.Debug|x64.Build.0 = Debug|x64
		{190970AF-ADC8-4B49-AAA6-9D63F1561DA5}.Release|Win32.ActiveCfg = Release|Win32
		{190970AF-ADC8-4B49-AAA6-9D63F1561DA5}.Release|Win32.Build.0 = Release|Win32
		{190970AF-ADC8-4B49-AAA6-9D63F1561DA5}.Release|x64.ActiveCfg = Release|x64
		{190970AF-ADC8-4B49-AAA6-9D63F1561DA5}.Release|x64.Build.0 = Release|x64
		{190970AF-ADC8-4B49-AAA6-9D63F1561DA5}.Debug|Win32.ActiveCfg = Debug|Win32
		{190970AF-ADC8-4B49-AAA6-9D63F1561DA5}.Debug|Win32.Build.0 = Debug|Win32
		{190970AF-ADC8-4B49-AAA6-9D63F1561DA5}.Debug|x64.ActiveCfg = Debug|x64
		{190970AF-ADC8-4B49-AAA6-9D63F1561DA5}.Debug|x64.Build.0 = Debug|x64
		{AE05F47E-814B-A844-B89C-7FC0D04C9D1E}.Release|Win32.ActiveCfg = Release|Win32
		{AE05F47E-814B-A844-B89C-7FC0D04C9D1E}.Release|Win32.Build.0 = Release|Win32
		{AE05F47E-814B-A844-B89C-7FC0D04C9D1E}.Release|x64.ActiveCfg = Release|x64
		{AE05F47E-814B-A844-B89C-7FC0D04C9D1E}.Release|x64.Build.0 = Release|x64
		{AE05F47E-814B-A844-B89C-7FC0D04C9D1E}.Debug|Win32.ActiveCfg = Debug|Win32
		{AE05F47E-814B-A844-B89C-7FC0D04C9D1E}.Debug|Win32.Build.0 = Debug|Win32
		{AE05F47E-814B-A844-B89C-7FC0D04C9D1E}.Debug|x64.ActiveCfg = Debug|x64
		{AE05F47E-814B-A844-B89C-7FC0D04C9D1E}.Debug|x64.Build.0 = Debug|x64
		{8086A43B-A4A0-244D-B433-7E4B42223674}.Release|Win32.ActiveCfg = Release|Win32
		{8086A43B-A4A0-244D-B433-7E4B42223674}.Release|Win32.Build.0 = Release|Win32
		{8086A43B-A4A0-244D-B433-7E4B42223674}.Release|x64.ActiveCfg = Release|x64
		{8086A43B-A4A0-244D-B433-7E4B42223674}.Release|x64.Build.0 = Release|x64
		{8086A43B-A4A0-244D-B433-7E4B42223674}.Debug|Win32.ActiveCfg = Debug|Win32
		{8086A43B-A4A0-244D-B433-7E4B42223674}.Debug|Win32.Build.0 = Debug|Win32
		{8086A43B-A4A0-244D-B433-7E4B42223674}.Debug|x64.ActiveCfg = Debug|x64
		{8086A43B-A4A0-244D-B433-7E4B42223674}.Debug|x64.Build.0 = Debug|x64
		{CF92A3BB-54FD-5545-92BE-C482C2A3FB8F}.Release|Win32.ActiveCfg = Release|Win32
		{CF92A3BB-54FD-5545-92BE-C482C2A3FB8F}.Release|Win32.Build.0 = Release|Win32
		{CF92A3BB-54FD-5545-92BE-C482C2A3FB8F}.Release|x64.ActiveCfg = Release|x64
		{CF92A3BB-54FD-5545-92BE-C482C2A3FB8F}.Release|x64.Build.0 = Release|x64
		{CF92A3BB-54FD-5545-92BE-C482C2A3FB8F}.Debug|Win32.ActiveCfg = Debug|Win32
		{CF92A3BB-54FD-5545-92BE-C482C2A3FB8F}.Debug|Win32.Build.0 = Debug|Win32
		{CF92A3BB-54FD-5545-92BE-C482C2A3FB8F}.Debug|x64.ActiveCfg = Debug|x64
		{CF92A3BB-54FD-5545-92BE-C482C2A3FB8F}.Debug|x64.Build.0 = Debug|x64
		{628A19C2-49FB-8140-9431-A85867CDC486}.Release|Win32.ActiveCfg = Release|Win32
		{628A19C2-49FB-8140-9431-A85867CDC486}.Release|Win32.Build.0 = Release|Win32
		{628A19C2-49FB-8140-9431-A85867CDC486}.Release|x64.ActiveCfg = Release|x64
		{628A19C2-49FB-8140-9431-A85867CDC486}.Release|x64.Build.0 = Release|x64
		{628A19C2-49FB-8140-9431-A85867CDC486}.Debug|Win32.ActiveCfg = Debug|Win32
		{628A19C2-49FB-8140-9431-A85867CDC486}.Debug|Win32.Build.0 = Debug|Win32
		{628A19C2-49FB-8140-9431-A85867CDC486}.Debug|x64.ActiveCfg = Debug|x64
		{628A19C2-49FB-8140-9431-A85867CDC486}.Debug|x64.Build.0 = Debug|x64
		{6AFBB4EA-1565-BE4C-8339-F4C954124D2C}.Release|Win32.ActiveCfg = Release|Win32
		{6AFBB4EA-1565-BE4C-8339-F4C954124D2C}.Release|Win32.Build.0 = Release|Win32
		{6AFBB4EA-1565-BE4C-8339-F4C954124D2C}.Release|x64.ActiveCfg = Release|x64
		{6AFBB4EA-1565-BE4C-8339-F4C954124D2C}.Release|x64.Build.0 = Release|x64
		{6AFBB4EA-1565-BE4C-8339-F4C954124D2C}.Debug|Win32.ActiveCfg = Debug|Win32
		{6AFBB4EA-1565-BE4C-8339-F4C954124D2C}.Debug|Win32.Build.0 = Debug|Win32
		{6AFBB4EA-1565-BE4C-8339-F4C954124D2C}.Debug|x64.ActiveCfg = Debug|x64
		{6AFBB4EA-1565-BE4C-8339-F4C954124D2C}.Debug|x64.Build.0 = Debug|x64
		{E586F08D-433F-2744-9B56-FEF582F27A7A}.Release|Win32.ActiveCfg = Release|Win32
		{E586F08D-433F-2744-9B56-FEF582F27A7A}.Release|Win32.Build.0 = Release|Win32
		{E586F08D-433F-2744-9B56-FEF582F27A7A}.Release|x64.ActiveCfg = Release|x64
		{E586F08D-433F-2744-9B56-FEF582F27A7A}.Release|x64.Build.0 = Release|x64
		{E586F08D-433F-2744-9B56-FEF582F27A7A}.Debug|Win32.ActiveCfg = Debug|Win32
		{E586F08D-433F-2744-9B56-FEF582F27A7A}.Debug|Win32.Build.0 = Debug|Win32
		{E586F08D-433F-2744-9B56-FEF582F27A7A}.Debug|x64.ActiveCfg = Debug|x64
		{E586F08D-433F-2744-9B56-FEF582F27A7A}.Debug|x64.Build.0 = Debug|x64
		{A2F2635F-3976-CE42-B6F6-3CE7E933B055}.Release|Win32.ActiveCfg = Release|Win32
		{A2F2635F-3976-CE42-B6F6-3CE7E933B055}.Release|Win32.Build.0 = Release|Win32
		{A2F2635F-3976-CE42-B6F6-3CE7E933B055}.Release|x64.ActiveCfg = Release|x64
		{A2F2635F-3976-CE42-B6F6-3CE7E933B055}.Release|x64.Build.0 = Release|x64
		{A2F2635F-3976-CE42-B6F6-3CE7E933B055}.Debug|Win32.ActiveCfg = Debug|Win32
		{A2F2635F-3976-CE42-B6F6-3CE7E933B055}.Debug|Win32.Build.0 = Debug|Win32
		{A2F2635F-3976-CE42-B6F6-3CE7E933B055}.Debug|x64.ActiveCfg = Debug|x64
		{A2F2635F-3976-CE42-B6F6-3CE7E933B055}.Debug|x64.Build.0 = Debug|x64
		{C9633D47-762D-0E49-93DD-99D267763B73}.Release|Win32.ActiveCfg = Release|Win32
		{C9633D47-762D-0E49-93DD-99D267763B73}.Release|Win32.Build.0 = Release|Win32
		{C9633D47-762D-0E49-93DD-99D267763B73}.Release|x64.ActiveCfg = Release|x64
		{C9633D47-762D-0E49-93DD-99D267763B73}.Release|x64.Build.0 = Release|x64
		{C9633D47-762D-0E49-93DD-99D267763B73}.Debug|Win32.ActiveCfg = Debug|Win32
		{C9633D47-762D-0E49-93DD-99D267763B73}.Debug|Win32.Build.0 = Debug|Win32
		{C9633D47-762D-0E49-93DD-99D267763B73}.Debug|x64.ActiveCfg = Debug|x64
		{C9633D47-762D-0E49-93DD-99D267763B73}.Debug|x64.Build.0 = Debug|x64
		{56877331-0DE7-C840-93A4-E2F16333E1ED}.Release|Win32.ActiveCfg = Release|Win32
		{56877331-0DE7-C840-93A4-E2F16333E1ED}.Release|Win32.Build.0 = Release|Win32
		{56877331-0DE7-C840-93A4-E2F16333E1ED}.Release|x64.ActiveCfg = Release|x64
		{56877331-0DE7-C840-93A4-E2F16333E1ED}.Release|x64.Build.0 = Release|x64
		{56877331-0DE7-C840-93A4-E2F16333E1ED}.Debug|Win32.ActiveCfg = Debug|Win32
		{56877331-0DE7-C840-93A4-E2F16333E1ED}.Debug|Win32.Build.0 = Debug|Win32
		{56877331-0DE7-C840-93A4-E2F16333E1ED}.Debug|x64.ActiveCfg = Debug|x64
		{56877331-0DE7-C840-93A4-E2F16333E1ED}.Debug|x64.Build.0 = Debug|x64
		{1C152F1F-809F-874F-B594-6CC34E42A94A}.Release|Win32.ActiveCfg = Release|Win32
		{1C152F1F-809F-874F-B594-6CC34E42A94A}.Release|Win32.Build.0 = Release|Win32
		{1C152F1F-809F-874F-B594-6CC34E42A94A}.Release|x64.ActiveCfg = Release|x64
		{1C152F1F-809F-874F-B594-6CC34E42A94A}.Release|x64.Build.0 = Release|x64
		{1C152F1F-809F-874F-B594-6CC34E42A94A}.Debug|Win32.ActiveCfg = Debug|Win32
		{1C152F1F-809F-874F-B594-6CC34E42A94A}.Debug|Win32.Build.0 = Debug|Win32
		{1C152F1F-809F-874F-B594-6CC34E42A94A}.Debug|x64.ActiveCfg = Debug|x64
		{1C152F1F-809F-874F-B594-6CC34E42A94A}.Debug|x64.Build.0 = Debug|x64
		{8BCB43D9-720A-964A-8FE3-4C7560C1C42E}.Release|Win32.ActiveCfg = Release|Win32
		{8BCB43D9-720A-964A-8FE3-4C7560C1C42E}.Release|Win32.Build.0 = Release|Win32
		{8BCB43D9-720A-964A-8FE3-4C7560C1C42E}.Release|x64.ActiveCfg = Release|x64
		{8BCB43D9-720A-964A-8FE3-4C7560C1C42E}.Release|x64.Build.0 = Release|x64
		{8BCB43D9-720A-964A-8FE3-4C7560C1C42E}.Debug|Win32.ActiveCfg = Debug|Win32
		{8BCB43D9-720A-964A-8FE3-4C7560C1C42E}.Debug|Win32.Build.0 = Debug|Win32
		{8BCB43D9-720A-964A-8FE3-4C7560C1C42E}.Debug|x64.ActiveCfg = Debug|x64
		{8BCB43D9-720A-964A-8FE3-4C7560C1C42E}.Debug|x64.Build.0 = Debug|x64
		{0DB08CA6-8289-084B-8711-48E921158913}.Release|Win32.ActiveCfg = Release|Win32
		{0DB08CA6-8289-084B-8711-48E921158913}.Release|Win32.Build.0 = Release|Win32
		{0DB08CA6-8289-084B-8711-48E921158913}.Release|x64.ActiveCfg = Release|x64
		{0DB08CA6-8289-084B-8711-48E921158913}.Release|x64.Build.0 = Release|x64
		{0DB08CA6-8289-084B-8711-48E921158913}.Debug|Win32.ActiveCfg = Debug|Win32
		{0DB08CA6-8289-084B-8711-48E921158913}.Debug|Win32.Build.0 = Debug|Win32
		{0DB08CA6-8289-084B-8711-48E921158913}.Debug|x64.ActiveCfg = Debug|x64
		{0DB08CA6-8289-084B-8711-48E921158913}.Debug|x64.Build.0 = Debug|x64
	EndGlobalSection
	GlobalSection(SolutionProperties) = preSolution
		HideSolutionNode = FALSE
	EndGlobalSection
EndGlobal
