<?xml version="1.0" encoding="utf-8"?>
<Project ToolsVersion="4.0" xmlns="http://schemas.microsoft.com/developer/msbuild/2003">
  <ItemGroup>
    <Filter Include="examples">
      <UniqueIdentifier>{C32DDF4E-35F5-F74B-8DEC-C98B9FAA33A2}</UniqueIdentifier>
    </Filter>
    <Filter Include="examples\ThirdPartyLibs">
      <UniqueIdentifier>{67475204-6A64-084E-BD03-FE1630726908}</UniqueIdentifier>
    </Filter>
    <Filter Include="examples\ThirdPartyLibs\Glew">
      <UniqueIdentifier>{CEE8141A-B93C-FB40-83E1-9F14A636B4FE}</UniqueIdentifier>
    </Filter>
    <Filter Include="examples\SimpleOpenGL3">
      <UniqueIdentifier>{A2481AFC-9825-6041-99C0-9CCAADAA69F3}</UniqueIdentifier>
    </Filter>
  </ItemGroup>
  <ItemGroup>
    <ClCompile Include="..\..\examples\ThirdPartyLibs\Glew\glew.c">
      <Filter>examples\ThirdPartyLibs\Glew</Filter>
    </ClCompile>
    <ClCompile Include="..\..\examples\SimpleOpenGL3\main.cpp">
      <Filter>examples\SimpleOpenGL3</Filter>
    </ClCompile>
  </ItemGroup>
</Project>
