<?xml version="1.0" encoding="utf-8"?>
<Project ToolsVersion="4.0" xmlns="http://schemas.microsoft.com/developer/msbuild/2003">
  <ItemGroup>
    <Filter Include="examples">
      <UniqueIdentifier>{28225686-AFEC-5441-871F-B054CAF4C66C}</UniqueIdentifier>
    </Filter>
    <Filter Include="examples\SharedMemory">
      <UniqueIdentifier>{D5899EF6-676D-244E-85C4-B2F1489F99F5}</UniqueIdentifier>
    </Filter>
    <Filter Include="examples\TinyRenderer">
      <UniqueIdentifier>{9967041F-95A6-A543-9C50-5CAC798888F8}</UniqueIdentifier>
    </Filter>
    <Filter Include="examples\OpenGLWindow">
      <UniqueIdentifier>{1649C8E5-B8DF-9B40-A4DC-743C4566F4B5}</UniqueIdentifier>
    </Filter>
    <Filter Include="examples\Importers">
      <UniqueIdentifier>{6E3C0154-0F20-D14D-968F-C17A2DFBE21C}</UniqueIdentifier>
    </Filter>
    <Filter Include="examples\Importers\ImportURDFDemo">
      <UniqueIdentifier>{C4922B6E-5245-4647-88D5-A0D229EDAFD7}</UniqueIdentifier>
    </Filter>
    <Filter Include="examples\Importers\ImportMJCFDemo">
      <UniqueIdentifier>{74506764-39E4-D847-BC78-059CFDFE70B7}</UniqueIdentifier>
    </Filter>
    <Filter Include="examples\Utils">
      <UniqueIdentifier>{668A987D-01C7-0046-ACA5-25308B11FCBA}</UniqueIdentifier>
    </Filter>
    <Filter Include="Extras">
      <UniqueIdentifier>{B9EFB091-884E-2E47-A42E-504144D1C976}</UniqueIdentifier>
    </Filter>
    <Filter Include="Extras\Serialize">
      <UniqueIdentifier>{89A9F523-4D2A-3047-B4E6-8686A98B5836}</UniqueIdentifier>
    </Filter>
    <Filter Include="Extras\Serialize\BulletWorldImporter">
      <UniqueIdentifier>{19AE1700-E3AC-FE4E-B5BF-F94B062ECBFE}</UniqueIdentifier>
    </Filter>
    <Filter Include="Extras\Serialize\BulletFileLoader">
      <UniqueIdentifier>{6B6EB292-5E8F-4A4D-8F8B-652507292EEC}</UniqueIdentifier>
    </Filter>
    <Filter Include="examples\Importers\ImportObjDemo">
      <UniqueIdentifier>{7E97C7DB-1790-F64E-8472-810E833F14A2}</UniqueIdentifier>
    </Filter>
    <Filter Include="examples\Importers\ImportSTLDemo">
      <UniqueIdentifier>{A238FF65-6B27-7244-9651-B9C8DF1E4A32}</UniqueIdentifier>
    </Filter>
    <Filter Include="examples\Importers\ImportColladaDemo">
      <UniqueIdentifier>{BDC97BCF-EF90-6F42-A1AE-A9665C061DA4}</UniqueIdentifier>
    </Filter>
    <Filter Include="examples\ThirdPartyLibs">
      <UniqueIdentifier>{3F2FC280-FE16-694B-866E-DD855CB90115}</UniqueIdentifier>
    </Filter>
    <Filter Include="examples\ThirdPartyLibs\Wavefront">
      <UniqueIdentifier>{6E3A9DD6-8268-B748-9E96-EC0C48DA98DA}</UniqueIdentifier>
    </Filter>
    <Filter Include="examples\ThirdPartyLibs\tinyxml">
      <UniqueIdentifier>{D644307A-26F7-3946-BF8E-9894672669AA}</UniqueIdentifier>
    </Filter>
    <Filter Include="examples\Importers\ImportMeshUtility">
      <UniqueIdentifier>{DE2194A5-A256-044A-AC16-796C13ECDAF3}</UniqueIdentifier>
    </Filter>
    <Filter Include="examples\ThirdPartyLibs\stb_image">
      <UniqueIdentifier>{ABA3F7A6-4D1C-B449-ABB0-A63A6245F231}</UniqueIdentifier>
    </Filter>
    <Filter Include="examples\SharedMemory\udp">
      <UniqueIdentifier>{F1E6A4E2-6EE0-F54B-AC1A-0854E547F006}</UniqueIdentifier>
    </Filter>
  </ItemGroup>
  <ItemGroup>
    <None Include="..\..\Extras\Serialize\BulletWorldImporter\CMakeLists.txt">
      <Filter>Extras\Serialize\BulletWorldImporter</Filter>
    </None>
    <None Include="..\..\Extras\Serialize\BulletWorldImporter\premake4.lua">
      <Filter>Extras\Serialize\BulletWorldImporter</Filter>
    </None>
    <None Include="..\..\Extras\Serialize\BulletFileLoader\CMakeLists.txt">
      <Filter>Extras\Serialize\BulletFileLoader</Filter>
    </None>
    <None Include="..\..\Extras\Serialize\BulletFileLoader\premake4.lua">
      <Filter>Extras\Serialize\BulletFileLoader</Filter>
    </None>
  </ItemGroup>
  <ItemGroup>
    <ClInclude Include="..\..\examples\SharedMemory\IKTrajectoryHelper.h">
      <Filter>examples\SharedMemory</Filter>
    </ClInclude>
    <ClInclude Include="..\..\examples\SharedMemory\SharedMemoryCommands.h">
      <Filter>examples\SharedMemory</Filter>
    </ClInclude>
    <ClInclude Include="..\..\examples\SharedMemory\SharedMemoryPublic.h">
      <Filter>examples\SharedMemory</Filter>
    </ClInclude>
    <ClInclude Include="..\..\examples\SharedMemory\PhysicsServerCommandProcessor.h">
      <Filter>examples\SharedMemory</Filter>
    </ClInclude>
    <ClInclude Include="..\..\examples\SharedMemory\TinyRendererVisualShapeConverter.h">
      <Filter>examples\SharedMemory</Filter>
    </ClInclude>
    <ClInclude Include="..\..\examples\OpenGLWindow\SimpleCamera.h">
      <Filter>examples\OpenGLWindow</Filter>
    </ClInclude>
    <ClInclude Include="..\..\examples\Importers\ImportURDFDemo\ConvertRigidBodies2MultiBody.h">
      <Filter>examples\Importers\ImportURDFDemo</Filter>
    </ClInclude>
    <ClInclude Include="..\..\examples\Importers\ImportURDFDemo\MultiBodyCreationInterface.h">
      <Filter>examples\Importers\ImportURDFDemo</Filter>
    </ClInclude>
    <ClInclude Include="..\..\examples\Importers\ImportURDFDemo\MyMultiBodyCreator.h">
      <Filter>examples\Importers\ImportURDFDemo</Filter>
    </ClInclude>
    <ClInclude Include="..\..\examples\Importers\ImportMJCFDemo\BulletMJCFImporter.h">
      <Filter>examples\Importers\ImportMJCFDemo</Filter>
    </ClInclude>
    <ClInclude Include="..\..\examples\Importers\ImportURDFDemo\BulletUrdfImporter.h">
      <Filter>examples\Importers\ImportURDFDemo</Filter>
    </ClInclude>
    <ClInclude Include="..\..\examples\Importers\ImportURDFDemo\UrdfParser.h">
      <Filter>examples\Importers\ImportURDFDemo</Filter>
    </ClInclude>
    <ClInclude Include="..\..\examples\Importers\ImportURDFDemo\URDF2Bullet.h">
      <Filter>examples\Importers\ImportURDFDemo</Filter>
    </ClInclude>
    <ClInclude Include="..\..\examples\Utils\ChromeTraceUtil.h">
      <Filter>examples\Utils</Filter>
    </ClInclude>
    <ClInclude Include="..\..\examples\Utils\RobotLoggingUtil.h">
      <Filter>examples\Utils</Filter>
    </ClInclude>
    <ClInclude Include="..\..\Extras\Serialize\BulletWorldImporter\btBulletWorldImporter.h">
      <Filter>Extras\Serialize\BulletWorldImporter</Filter>
    </ClInclude>
    <ClInclude Include="..\..\Extras\Serialize\BulletWorldImporter\btWorldImporter.h">
      <Filter>Extras\Serialize\BulletWorldImporter</Filter>
    </ClInclude>
    <ClInclude Include="..\..\Extras\Serialize\BulletFileLoader\bChunk.h">
      <Filter>Extras\Serialize\BulletFileLoader</Filter>
    </ClInclude>
    <ClInclude Include="..\..\Extras\Serialize\BulletFileLoader\bCommon.h">
      <Filter>Extras\Serialize\BulletFileLoader</Filter>
    </ClInclude>
    <ClInclude Include="..\..\Extras\Serialize\BulletFileLoader\bDefines.h">
      <Filter>Extras\Serialize\BulletFileLoader</Filter>
    </ClInclude>
    <ClInclude Include="..\..\Extras\Serialize\BulletFileLoader\bDNA.h">
      <Filter>Extras\Serialize\BulletFileLoader</Filter>
    </ClInclude>
    <ClInclude Include="..\..\Extras\Serialize\BulletFileLoader\bFile.h">
      <Filter>Extras\Serialize\BulletFileLoader</Filter>
    </ClInclude>
    <ClInclude Include="..\..\Extras\Serialize\BulletFileLoader\btBulletFile.h">
      <Filter>Extras\Serialize\BulletFileLoader</Filter>
    </ClInclude>
    <ClInclude Include="..\..\examples\Importers\ImportURDFDemo\URDFImporterInterface.h">
      <Filter>examples\Importers\ImportURDFDemo</Filter>
    </ClInclude>
    <ClInclude Include="..\..\examples\Importers\ImportURDFDemo\URDFJointTypes.h">
      <Filter>examples\Importers\ImportURDFDemo</Filter>
    </ClInclude>
    <ClInclude Include="..\..\examples\Importers\ImportSTLDemo\ImportSTLSetup.h">
      <Filter>examples\Importers\ImportSTLDemo</Filter>
    </ClInclude>
    <ClInclude Include="..\..\examples\Importers\ImportSTLDemo\LoadMeshFromSTL.h">
      <Filter>examples\Importers\ImportSTLDemo</Filter>
    </ClInclude>
    <ClInclude Include="..\..\examples\Importers\ImportColladaDemo\ColladaGraphicsInstance.h">
      <Filter>examples\Importers\ImportColladaDemo</Filter>
    </ClInclude>
  </ItemGroup>
  <ItemGroup>
    <ClCompile Include="..\..\examples\SharedMemory\IKTrajectoryHelper.cpp">
      <Filter>examples\SharedMemory</Filter>
    </ClCompile>
    <ClCompile Include="..\..\examples\SharedMemory\PhysicsServerCommandProcessor.cpp">
      <Filter>examples\SharedMemory</Filter>
    </ClCompile>
    <ClCompile Include="..\..\examples\SharedMemory\b3PluginManager.cpp">
      <Filter>examples\SharedMemory</Filter>
    </ClCompile>
    <ClCompile Include="..\..\examples\SharedMemory\PhysicsDirect.cpp">
      <Filter>examples\SharedMemory</Filter>
    </ClCompile>
    <ClCompile Include="..\..\examples\SharedMemory\PhysicsClient.cpp">
      <Filter>examples\SharedMemory</Filter>
    </ClCompile>
    <ClCompile Include="..\..\examples\SharedMemory\TinyRendererVisualShapeConverter.cpp">
      <Filter>examples\SharedMemory</Filter>
    </ClCompile>
    <ClCompile Include="..\..\examples\TinyRenderer\geometry.cpp">
      <Filter>examples\TinyRenderer</Filter>
    </ClCompile>
    <ClCompile Include="..\..\examples\TinyRenderer\model.cpp">
      <Filter>examples\TinyRenderer</Filter>
    </ClCompile>
    <ClCompile Include="..\..\examples\TinyRenderer\tgaimage.cpp">
      <Filter>examples\TinyRenderer</Filter>
    </ClCompile>
    <ClCompile Include="..\..\examples\TinyRenderer\our_gl.cpp">
      <Filter>examples\TinyRenderer</Filter>
    </ClCompile>
    <ClCompile Include="..\..\examples\TinyRenderer\TinyRenderer.cpp">
      <Filter>examples\TinyRenderer</Filter>
    </ClCompile>
    <ClCompile Include="..\..\examples\OpenGLWindow\SimpleCamera.cpp">
      <Filter>examples\OpenGLWindow</Filter>
    </ClCompile>
    <ClCompile Include="..\..\examples\Importers\ImportURDFDemo\MyMultiBodyCreator.cpp">
      <Filter>examples\Importers\ImportURDFDemo</Filter>
    </ClCompile>
    <ClCompile Include="..\..\examples\Importers\ImportMJCFDemo\BulletMJCFImporter.cpp">
      <Filter>examples\Importers\ImportMJCFDemo</Filter>
    </ClCompile>
    <ClCompile Include="..\..\examples\Importers\ImportURDFDemo\BulletUrdfImporter.cpp">
      <Filter>examples\Importers\ImportURDFDemo</Filter>
    </ClCompile>
    <ClCompile Include="..\..\examples\Importers\ImportURDFDemo\UrdfParser.cpp">
      <Filter>examples\Importers\ImportURDFDemo</Filter>
    </ClCompile>
    <ClCompile Include="..\..\examples\Importers\ImportURDFDemo\urdfStringSplit.cpp">
      <Filter>examples\Importers\ImportURDFDemo</Filter>
    </ClCompile>
    <ClCompile Include="..\..\examples\Importers\ImportURDFDemo\URDF2Bullet.cpp">
      <Filter>examples\Importers\ImportURDFDemo</Filter>
    </ClCompile>
    <ClCompile Include="..\..\examples\Utils\b3ResourcePath.cpp">
      <Filter>examples\Utils</Filter>
    </ClCompile>
    <ClCompile Include="..\..\examples\Utils\b3Clock.cpp">
      <Filter>examples\Utils</Filter>
    </ClCompile>
    <ClCompile Include="..\..\examples\Utils\ChromeTraceUtil.cpp">
      <Filter>examples\Utils</Filter>
    </ClCompile>
    <ClCompile Include="..\..\examples\Utils\RobotLoggingUtil.cpp">
      <Filter>examples\Utils</Filter>
    </ClCompile>
    <ClCompile Include="..\..\Extras\Serialize\BulletWorldImporter\btBulletWorldImporter.cpp">
      <Filter>Extras\Serialize\BulletWorldImporter</Filter>
    </ClCompile>
    <ClCompile Include="..\..\Extras\Serialize\BulletWorldImporter\btWorldImporter.cpp">
      <Filter>Extras\Serialize\BulletWorldImporter</Filter>
    </ClCompile>
    <ClCompile Include="..\..\Extras\Serialize\BulletFileLoader\bChunk.cpp">
      <Filter>Extras\Serialize\BulletFileLoader</Filter>
    </ClCompile>
    <ClCompile Include="..\..\Extras\Serialize\BulletFileLoader\bDNA.cpp">
      <Filter>Extras\Serialize\BulletFileLoader</Filter>
    </ClCompile>
    <ClCompile Include="..\..\Extras\Serialize\BulletFileLoader\bFile.cpp">
      <Filter>Extras\Serialize\BulletFileLoader</Filter>
    </ClCompile>
    <ClCompile Include="..\..\Extras\Serialize\BulletFileLoader\btBulletFile.cpp">
      <Filter>Extras\Serialize\BulletFileLoader</Filter>
    </ClCompile>
    <ClCompile Include="..\..\examples\Importers\ImportObjDemo\Wavefront2GLInstanceGraphicsShape.cpp">
      <Filter>examples\Importers\ImportObjDemo</Filter>
    </ClCompile>
    <ClCompile Include="..\..\examples\Importers\ImportObjDemo\LoadMeshFromObj.cpp">
      <Filter>examples\Importers\ImportObjDemo</Filter>
    </ClCompile>
    <ClCompile Include="..\..\examples\Importers\ImportColladaDemo\LoadMeshFromCollada.cpp">
      <Filter>examples\Importers\ImportColladaDemo</Filter>
    </ClCompile>
    <ClCompile Include="..\..\examples\ThirdPartyLibs\Wavefront\tiny_obj_loader.cpp">
      <Filter>examples\ThirdPartyLibs\Wavefront</Filter>
    </ClCompile>
    <ClCompile Include="..\..\examples\ThirdPartyLibs\tinyxml\tinystr.cpp">
      <Filter>examples\ThirdPartyLibs\tinyxml</Filter>
    </ClCompile>
    <ClCompile Include="..\..\examples\ThirdPartyLibs\tinyxml\tinyxml.cpp">
      <Filter>examples\ThirdPartyLibs\tinyxml</Filter>
    </ClCompile>
    <ClCompile Include="..\..\examples\ThirdPartyLibs\tinyxml\tinyxmlerror.cpp">
      <Filter>examples\ThirdPartyLibs\tinyxml</Filter>
    </ClCompile>
    <ClCompile Include="..\..\examples\ThirdPartyLibs\tinyxml\tinyxmlparser.cpp">
      <Filter>examples\ThirdPartyLibs\tinyxml</Filter>
    </ClCompile>
    <ClCompile Include="..\..\examples\Importers\ImportMeshUtility\b3ImportMeshUtility.cpp">
      <Filter>examples\Importers\ImportMeshUtility</Filter>
    </ClCompile>
    <ClCompile Include="..\..\examples\ThirdPartyLibs\stb_image\stb_image.cpp">
      <Filter>examples\ThirdPartyLibs\stb_image</Filter>
    </ClCompile>
    <ClCompile Include="..\..\examples\SharedMemory\udp\main.cpp">
      <Filter>examples\SharedMemory\udp</Filter>
    </ClCompile>
  </ItemGroup>
</Project>
