<?xml version="1.0" encoding="utf-8"?>
<Project ToolsVersion="4.0" xmlns="http://schemas.microsoft.com/developer/msbuild/2003">
  <ItemGroup>
    <Filter Include="src">
      <UniqueIdentifier>{FF64C1B9-4FD9-7344-B2CF-638C167811CD}</UniqueIdentifier>
    </Filter>
    <Filter Include="src\BulletInverseDynamics">
      <UniqueIdentifier>{60F3F69B-11CD-B842-B32F-93869639C1CB}</UniqueIdentifier>
    </Filter>
    <Filter Include="src\BulletInverseDynamics\details">
      <UniqueIdentifier>{C11E2E87-AA91-3D45-B621-C53F8BC685C2}</UniqueIdentifier>
    </Filter>
  </ItemGroup>
  <ItemGroup>
    <ClCompile Include="..\..\src\BulletInverseDynamics\IDMath.cpp">
      <Filter>src\BulletInverseDynamics</Filter>
    </ClCompile>
    <ClCompile Include="..\..\src\BulletInverseDynamics\MultiBodyTree.cpp">
      <Filter>src\BulletInverseDynamics</Filter>
    </ClCompile>
    <ClCompile Include="..\..\src\BulletInverseDynamics\details\MultiBodyTreeInitCache.cpp">
      <Filter>src\BulletInverseDynamics\details</Filter>
    </ClCompile>
    <ClCompile Include="..\..\src\BulletInverseDynamics\details\MultiBodyTreeImpl.cpp">
      <Filter>src\BulletInverseDynamics\details</Filter>
    </ClCompile>
  </ItemGroup>
</Project>
