<?xml version="1.0" encoding="utf-8"?>
<Project ToolsVersion="4.0" xmlns="http://schemas.microsoft.com/developer/msbuild/2003">
  <ItemGroup>
    <Filter Include="test">
      <UniqueIdentifier>{6859937E-8F51-224B-957C-E703B2753C90}</UniqueIdentifier>
    </Filter>
    <Filter Include="test\gtest-1.7.0">
      <UniqueIdentifier>{4DB7489B-E2C9-4747-887F-3267F0FE5EC0}</UniqueIdentifier>
    </Filter>
    <Filter Include="test\gtest-1.7.0\src">
      <UniqueIdentifier>{451291BC-D4FF-224F-98B6-F6A11B306F1B}</UniqueIdentifier>
    </Filter>
  </ItemGroup>
  <ItemGroup>
    <ClCompile Include="..\..\test\gtest-1.7.0\src\gtest-all.cc">
      <Filter>test\gtest-1.7.0\src</Filter>
    </ClCompile>
  </ItemGroup>
</Project>
