<?xml version="1.0" encoding="utf-8"?>
<Project ToolsVersion="4.0" xmlns="http://schemas.microsoft.com/developer/msbuild/2003">
  <ItemGroup>
    <Filter Include="test">
      <UniqueIdentifier>{CF92237D-126E-3A44-A1DE-C3AB48E7F984}</UniqueIdentifier>
    </Filter>
    <Filter Include="test\enet">
      <UniqueIdentifier>{4D3BF5F6-6146-FD4E-8FB6-A6B1DD19A0C4}</UniqueIdentifier>
    </Filter>
    <Filter Include="test\enet\nat_punchthrough">
      <UniqueIdentifier>{0EA9949A-FC4D-BC49-9A0F-B6625C43969F}</UniqueIdentifier>
    </Filter>
    <Filter Include="test\enet\nat_punchthrough\server">
      <UniqueIdentifier>{04297E59-F973-2347-A9FF-1C2BCCE8BC69}</UniqueIdentifier>
    </Filter>
  </ItemGroup>
  <ItemGroup>
    <ClCompile Include="..\..\test\enet\nat_punchthrough\server\main.cpp">
      <Filter>test\enet\nat_punchthrough\server</Filter>
    </ClCompile>
  </ItemGroup>
</Project>
