<?xml version="1.0" encoding="utf-8"?>
<Project ToolsVersion="4.0" xmlns="http://schemas.microsoft.com/developer/msbuild/2003">
  <ItemGroup>
    <Filter Include="examples">
      <UniqueIdentifier>{254240B8-18D7-AA46-8C06-13E8CC7DD296}</UniqueIdentifier>
    </Filter>
    <Filter Include="examples\MultiBody">
      <UniqueIdentifier>{AF25EDB6-5076-8E41-9181-EB918C531E5E}</UniqueIdentifier>
    </Filter>
  </ItemGroup>
  <ItemGroup>
    <ClInclude Include="..\..\examples\MultiBody\pendulum_gold.h">
      <Filter>examples\MultiBody</Filter>
    </ClInclude>
  </ItemGroup>
  <ItemGroup>
    <ClCompile Include="..\..\examples\MultiBody\Pendulum.cpp">
      <Filter>examples\MultiBody</Filter>
    </ClCompile>
  </ItemGroup>
</Project>
