<?xml version="1.0" encoding="utf-8"?>
<Project ToolsVersion="4.0" xmlns="http://schemas.microsoft.com/developer/msbuild/2003">
  <ItemGroup>
    <Filter Include="Extras">
      <UniqueIdentifier>{236A1BD1-3615-F34A-A554-7025C53AE079}</UniqueIdentifier>
    </Filter>
    <Filter Include="Extras\VHACD">
      <UniqueIdentifier>{2C55DB46-5D1A-F040-B154-544E2FB9F4B3}</UniqueIdentifier>
    </Filter>
    <Filter Include="Extras\VHACD\test">
      <UniqueIdentifier>{7ACE13EC-084C-234D-9D09-2A103BF1DF09}</UniqueIdentifier>
    </Filter>
    <Filter Include="Extras\VHACD\test\src">
      <UniqueIdentifier>{5CC7A157-6A90-F047-B350-14EEFA651519}</UniqueIdentifier>
    </Filter>
  </ItemGroup>
  <ItemGroup>
    <ClCompile Include="..\..\Extras\VHACD\test\src\main.cpp">
      <Filter>Extras\VHACD\test\src</Filter>
    </ClCompile>
  </ItemGroup>
</Project>
