<?xml version="1.0" encoding="utf-8"?>
<Project ToolsVersion="4.0" xmlns="http://schemas.microsoft.com/developer/msbuild/2003">
  <ItemGroup>
    <Filter Include="test">
      <UniqueIdentifier>{60DBA3C7-FC74-C04B-80B0-95049389D88D}</UniqueIdentifier>
    </Filter>
    <Filter Include="test\SharedMemory">
      <UniqueIdentifier>{CC42D534-1CCD-D341-8510-DDE35CA1BC2A}</UniqueIdentifier>
    </Filter>
    <Filter Include="examples">
      <UniqueIdentifier>{3349EC79-032F-6D4D-BEB6-49B48D48D194}</UniqueIdentifier>
    </Filter>
    <Filter Include="examples\SharedMemory">
      <UniqueIdentifier>{01A305A4-430D-2844-B630-8461385C05AF}</UniqueIdentifier>
    </Filter>
    <Filter Include="examples\TinyRenderer">
      <UniqueIdentifier>{85EE3FFC-1787-1146-8602-DA0B6A05CFF5}</UniqueIdentifier>
    </Filter>
    <Filter Include="examples\OpenGLWindow">
      <UniqueIdentifier>{03EC3675-74BA-FA4A-8599-D9722B11A150}</UniqueIdentifier>
    </Filter>
    <Filter Include="examples\Utils">
      <UniqueIdentifier>{C8F76CD6-39BD-3F46-8EF0-B886BA3A5084}</UniqueIdentifier>
    </Filter>
    <Filter Include="examples\ThirdPartyLibs">
      <UniqueIdentifier>{B308A129-114B-0C4E-9DAC-62A99DDE2A62}</UniqueIdentifier>
    </Filter>
    <Filter Include="examples\ThirdPartyLibs\tinyxml">
      <UniqueIdentifier>{649EB47E-1400-BD40-829B-94C78A1CA8E8}</UniqueIdentifier>
    </Filter>
    <Filter Include="examples\ThirdPartyLibs\Wavefront">
      <UniqueIdentifier>{CBE52C42-344C-0643-85C7-6CE8F18C4E59}</UniqueIdentifier>
    </Filter>
    <Filter Include="examples\Importers">
      <UniqueIdentifier>{0C5B2641-31E7-2640-B8FC-8D57911060C9}</UniqueIdentifier>
    </Filter>
    <Filter Include="examples\Importers\ImportColladaDemo">
      <UniqueIdentifier>{8BD982F5-3EC0-544D-8406-6CF23F94F9E8}</UniqueIdentifier>
    </Filter>
    <Filter Include="examples\Importers\ImportObjDemo">
      <UniqueIdentifier>{56898A42-B2F0-7C44-A541-16D924208579}</UniqueIdentifier>
    </Filter>
    <Filter Include="examples\Importers\ImportMJCFDemo">
      <UniqueIdentifier>{EBC7A6E4-E08E-4949-B0F0-FD5FF4C21BCB}</UniqueIdentifier>
    </Filter>
    <Filter Include="examples\Importers\ImportURDFDemo">
      <UniqueIdentifier>{274A3326-B87B-CB43-8648-DBF6F4B01A87}</UniqueIdentifier>
    </Filter>
    <Filter Include="examples\Importers\ImportMeshUtility">
      <UniqueIdentifier>{A5E14845-3D6D-234E-BFA3-5AFF36E5D827}</UniqueIdentifier>
    </Filter>
    <Filter Include="examples\ThirdPartyLibs\stb_image">
      <UniqueIdentifier>{E8179A5F-6EC6-9848-A7CD-32F29EC32014}</UniqueIdentifier>
    </Filter>
  </ItemGroup>
  <ItemGroup>
    <ClInclude Include="..\..\examples\SharedMemory\IKTrajectoryHelper.h">
      <Filter>examples\SharedMemory</Filter>
    </ClInclude>
    <ClInclude Include="..\..\examples\SharedMemory\PhysicsClient.h">
      <Filter>examples\SharedMemory</Filter>
    </ClInclude>
    <ClInclude Include="..\..\examples\SharedMemory\PhysicsServer.h">
      <Filter>examples\SharedMemory</Filter>
    </ClInclude>
    <ClInclude Include="..\..\examples\SharedMemory\PhysicsServerSharedMemory.h">
      <Filter>examples\SharedMemory</Filter>
    </ClInclude>
    <ClInclude Include="..\..\examples\SharedMemory\PhysicsDirect.h">
      <Filter>examples\SharedMemory</Filter>
    </ClInclude>
    <ClInclude Include="..\..\examples\SharedMemory\PhysicsDirectC_API.h">
      <Filter>examples\SharedMemory</Filter>
    </ClInclude>
    <ClInclude Include="..\..\examples\SharedMemory\PhysicsServerCommandProcessor.h">
      <Filter>examples\SharedMemory</Filter>
    </ClInclude>
    <ClInclude Include="..\..\examples\SharedMemory\PhysicsClientSharedMemory.h">
      <Filter>examples\SharedMemory</Filter>
    </ClInclude>
    <ClInclude Include="..\..\examples\SharedMemory\PhysicsClientC_API.h">
      <Filter>examples\SharedMemory</Filter>
    </ClInclude>
    <ClInclude Include="..\..\examples\SharedMemory\Win32SharedMemory.h">
      <Filter>examples\SharedMemory</Filter>
    </ClInclude>
    <ClInclude Include="..\..\examples\SharedMemory\PosixSharedMemory.h">
      <Filter>examples\SharedMemory</Filter>
    </ClInclude>
    <ClInclude Include="..\..\examples\SharedMemory\TinyRendererVisualShapeConverter.h">
      <Filter>examples\SharedMemory</Filter>
    </ClInclude>
    <ClInclude Include="..\..\examples\OpenGLWindow\SimpleCamera.h">
      <Filter>examples\OpenGLWindow</Filter>
    </ClInclude>
    <ClInclude Include="..\..\examples\Utils\b3ResourcePath.h">
      <Filter>examples\Utils</Filter>
    </ClInclude>
    <ClInclude Include="..\..\examples\Utils\RobotLoggingUtil.h">
      <Filter>examples\Utils</Filter>
    </ClInclude>
    <ClInclude Include="..\..\examples\Utils\ChromeTraceUtil.h">
      <Filter>examples\Utils</Filter>
    </ClInclude>
    <ClInclude Include="..\..\examples\ThirdPartyLibs\Wavefront\tiny_obj_loader.h">
      <Filter>examples\ThirdPartyLibs\Wavefront</Filter>
    </ClInclude>
  </ItemGroup>
  <ItemGroup>
    <ClCompile Include="..\..\test\SharedMemory\test.c">
      <Filter>test\SharedMemory</Filter>
    </ClCompile>
    <ClCompile Include="..\..\examples\SharedMemory\IKTrajectoryHelper.cpp">
      <Filter>examples\SharedMemory</Filter>
    </ClCompile>
    <ClCompile Include="..\..\examples\SharedMemory\PhysicsClient.cpp">
      <Filter>examples\SharedMemory</Filter>
    </ClCompile>
    <ClCompile Include="..\..\examples\SharedMemory\PhysicsServer.cpp">
      <Filter>examples\SharedMemory</Filter>
    </ClCompile>
    <ClCompile Include="..\..\examples\SharedMemory\PhysicsServerSharedMemory.cpp">
      <Filter>examples\SharedMemory</Filter>
    </ClCompile>
    <ClCompile Include="..\..\examples\SharedMemory\PhysicsDirect.cpp">
      <Filter>examples\SharedMemory</Filter>
    </ClCompile>
    <ClCompile Include="..\..\examples\SharedMemory\PhysicsDirectC_API.cpp">
      <Filter>examples\SharedMemory</Filter>
    </ClCompile>
    <ClCompile Include="..\..\examples\SharedMemory\PhysicsServerCommandProcessor.cpp">
      <Filter>examples\SharedMemory</Filter>
    </ClCompile>
    <ClCompile Include="..\..\examples\SharedMemory\b3PluginManager.cpp">
      <Filter>examples\SharedMemory</Filter>
    </ClCompile>
    <ClCompile Include="..\..\examples\SharedMemory\PhysicsClientSharedMemory.cpp">
      <Filter>examples\SharedMemory</Filter>
    </ClCompile>
    <ClCompile Include="..\..\examples\SharedMemory\PhysicsClientC_API.cpp">
      <Filter>examples\SharedMemory</Filter>
    </ClCompile>
    <ClCompile Include="..\..\examples\SharedMemory\Win32SharedMemory.cpp">
      <Filter>examples\SharedMemory</Filter>
    </ClCompile>
    <ClCompile Include="..\..\examples\SharedMemory\PosixSharedMemory.cpp">
      <Filter>examples\SharedMemory</Filter>
    </ClCompile>
    <ClCompile Include="..\..\examples\SharedMemory\TinyRendererVisualShapeConverter.cpp">
      <Filter>examples\SharedMemory</Filter>
    </ClCompile>
    <ClCompile Include="..\..\examples\TinyRenderer\geometry.cpp">
      <Filter>examples\TinyRenderer</Filter>
    </ClCompile>
    <ClCompile Include="..\..\examples\TinyRenderer\model.cpp">
      <Filter>examples\TinyRenderer</Filter>
    </ClCompile>
    <ClCompile Include="..\..\examples\TinyRenderer\tgaimage.cpp">
      <Filter>examples\TinyRenderer</Filter>
    </ClCompile>
    <ClCompile Include="..\..\examples\TinyRenderer\our_gl.cpp">
      <Filter>examples\TinyRenderer</Filter>
    </ClCompile>
    <ClCompile Include="..\..\examples\TinyRenderer\TinyRenderer.cpp">
      <Filter>examples\TinyRenderer</Filter>
    </ClCompile>
    <ClCompile Include="..\..\examples\OpenGLWindow\SimpleCamera.cpp">
      <Filter>examples\OpenGLWindow</Filter>
    </ClCompile>
    <ClCompile Include="..\..\examples\Utils\b3ResourcePath.cpp">
      <Filter>examples\Utils</Filter>
    </ClCompile>
    <ClCompile Include="..\..\examples\Utils\RobotLoggingUtil.cpp">
      <Filter>examples\Utils</Filter>
    </ClCompile>
    <ClCompile Include="..\..\examples\Utils\b3Clock.cpp">
      <Filter>examples\Utils</Filter>
    </ClCompile>
    <ClCompile Include="..\..\examples\Utils\ChromeTraceUtil.cpp">
      <Filter>examples\Utils</Filter>
    </ClCompile>
    <ClCompile Include="..\..\examples\ThirdPartyLibs\tinyxml\tinystr.cpp">
      <Filter>examples\ThirdPartyLibs\tinyxml</Filter>
    </ClCompile>
    <ClCompile Include="..\..\examples\ThirdPartyLibs\tinyxml\tinyxml.cpp">
      <Filter>examples\ThirdPartyLibs\tinyxml</Filter>
    </ClCompile>
    <ClCompile Include="..\..\examples\ThirdPartyLibs\tinyxml\tinyxmlerror.cpp">
      <Filter>examples\ThirdPartyLibs\tinyxml</Filter>
    </ClCompile>
    <ClCompile Include="..\..\examples\ThirdPartyLibs\tinyxml\tinyxmlparser.cpp">
      <Filter>examples\ThirdPartyLibs\tinyxml</Filter>
    </ClCompile>
    <ClCompile Include="..\..\examples\ThirdPartyLibs\Wavefront\tiny_obj_loader.cpp">
      <Filter>examples\ThirdPartyLibs\Wavefront</Filter>
    </ClCompile>
    <ClCompile Include="..\..\examples\Importers\ImportColladaDemo\LoadMeshFromCollada.cpp">
      <Filter>examples\Importers\ImportColladaDemo</Filter>
    </ClCompile>
    <ClCompile Include="..\..\examples\Importers\ImportObjDemo\LoadMeshFromObj.cpp">
      <Filter>examples\Importers\ImportObjDemo</Filter>
    </ClCompile>
    <ClCompile Include="..\..\examples\Importers\ImportObjDemo\Wavefront2GLInstanceGraphicsShape.cpp">
      <Filter>examples\Importers\ImportObjDemo</Filter>
    </ClCompile>
    <ClCompile Include="..\..\examples\Importers\ImportMJCFDemo\BulletMJCFImporter.cpp">
      <Filter>examples\Importers\ImportMJCFDemo</Filter>
    </ClCompile>
    <ClCompile Include="..\..\examples\Importers\ImportURDFDemo\BulletUrdfImporter.cpp">
      <Filter>examples\Importers\ImportURDFDemo</Filter>
    </ClCompile>
    <ClCompile Include="..\..\examples\Importers\ImportURDFDemo\MyMultiBodyCreator.cpp">
      <Filter>examples\Importers\ImportURDFDemo</Filter>
    </ClCompile>
    <ClCompile Include="..\..\examples\Importers\ImportURDFDemo\URDF2Bullet.cpp">
      <Filter>examples\Importers\ImportURDFDemo</Filter>
    </ClCompile>
    <ClCompile Include="..\..\examples\Importers\ImportURDFDemo\UrdfParser.cpp">
      <Filter>examples\Importers\ImportURDFDemo</Filter>
    </ClCompile>
    <ClCompile Include="..\..\examples\Importers\ImportURDFDemo\urdfStringSplit.cpp">
      <Filter>examples\Importers\ImportURDFDemo</Filter>
    </ClCompile>
    <ClCompile Include="..\..\examples\Importers\ImportMeshUtility\b3ImportMeshUtility.cpp">
      <Filter>examples\Importers\ImportMeshUtility</Filter>
    </ClCompile>
    <ClCompile Include="..\..\examples\ThirdPartyLibs\stb_image\stb_image.cpp">
      <Filter>examples\ThirdPartyLibs\stb_image</Filter>
    </ClCompile>
  </ItemGroup>
</Project>
