<?xml version="1.0" encoding="utf-8"?>
<Project ToolsVersion="4.0" xmlns="http://schemas.microsoft.com/developer/msbuild/2003">
  <ItemGroup>
    <Filter Include="test">
      <UniqueIdentifier>{02B12FCE-3651-F242-A4DE-E8F267C014AB}</UniqueIdentifier>
    </Filter>
    <Filter Include="test\clsocket">
      <UniqueIdentifier>{3D0E188D-6AC6-4941-B743-8BC692D8861C}</UniqueIdentifier>
    </Filter>
  </ItemGroup>
  <ItemGroup>
    <ClCompile Include="..\..\test\clsocket\QueryDayTime.cpp">
      <Filter>test\clsocket</Filter>
    </ClCompile>
  </ItemGroup>
</Project>
