<?xml version="1.0" encoding="utf-8"?>
<Project ToolsVersion="4.0" xmlns="http://schemas.microsoft.com/developer/msbuild/2003">
  <ItemGroup>
    <Filter Include="Extras">
      <UniqueIdentifier>{DBCDED66-28F1-3047-811E-8F2C0C9394C4}</UniqueIdentifier>
    </Filter>
    <Filter Include="Extras\VHACD">
      <UniqueIdentifier>{025B92E7-13C8-E440-8962-21A345081BFB}</UniqueIdentifier>
    </Filter>
    <Filter Include="Extras\VHACD\src">
      <UniqueIdentifier>{06FB7ED1-C249-F540-99CE-89E60058E8BF}</UniqueIdentifier>
    </Filter>
  </ItemGroup>
  <ItemGroup>
    <ClCompile Include="..\..\Extras\VHACD\src\btAlignedAllocator.cpp">
      <Filter>Extras\VHACD\src</Filter>
    </ClCompile>
    <ClCompile Include="..\..\Extras\VHACD\src\btConvexHullComputer.cpp">
      <Filter>Extras\VHACD\src</Filter>
    </ClCompile>
    <ClCompile Include="..\..\Extras\VHACD\src\VHACD.cpp">
      <Filter>Extras\VHACD\src</Filter>
    </ClCompile>
    <ClCompile Include="..\..\Extras\VHACD\src\vhacdICHull.cpp">
      <Filter>Extras\VHACD\src</Filter>
    </ClCompile>
    <ClCompile Include="..\..\Extras\VHACD\src\vhacdManifoldMesh.cpp">
      <Filter>Extras\VHACD\src</Filter>
    </ClCompile>
    <ClCompile Include="..\..\Extras\VHACD\src\vhacdMesh.cpp">
      <Filter>Extras\VHACD\src</Filter>
    </ClCompile>
    <ClCompile Include="..\..\Extras\VHACD\src\vhacdVolume.cpp">
      <Filter>Extras\VHACD\src</Filter>
    </ClCompile>
  </ItemGroup>
</Project>
